<?xml version="1.0" encoding="utf-8"?>
<Project ToolsVersion="4.0" xmlns="http://schemas.microsoft.com/developer/msbuild/2003">
  <ItemGroup>
    <Filter Include="ソース ファイル">
      <UniqueIdentifier>{4FC737F1-C7A5-4376-A066-2A32D752A2FF}</UniqueIdentifier>
      <Extensions>cpp;c;cc;cxx;def;odl;idl;hpj;bat;asm;asmx</Extensions>
    </Filter>
    <Filter Include="ヘッダー ファイル">
      <UniqueIdentifier>{93995380-89BD-4b04-88EB-625FBE52EBFB}</UniqueIdentifier>
      <Extensions>h;hh;hpp;hxx;hm;inl;inc;ipp;xsd</Extensions>
    </Filter>
    <Filter Include="リソース ファイル">
      <UniqueIdentifier>{67DA6AB6-F800-4c08-8B7A-83BB121AAD01}</UniqueIdentifier>
      <Extensions>rc;ico;cur;bmp;dlg;rc2;rct;bin;rgs;gif;jpg;jpeg;jpe;resx;tiff;tif;png;wav;mfcribbon-ms</Extensions>
    </Filter>
    <Filter Include="AddEntryModule">
      <UniqueIdentifier>{03e532e4-a8bd-40e9-a6be-e800ae2dd2ad}</UniqueIdentifier>
    </Filter>
    <Filter Include="AddressNamingAdditionalType">
      <UniqueIdentifier>{655be79e-007b-40f6-917b-97d4975d56cd}</UniqueIdentifier>
    </Filter>
    <Filter Include="AddressNamingFmt">
      <UniqueIdentifier>{c4f9c2ad-be25-4605-b9b0-cc06095953d7}</UniqueIdentifier>
    </Filter>
    <Filter Include="AddressNamingFromFloat">
      <UniqueIdentifier>{f2342378-2c8e-4f7f-85a7-fd6a985283d2}</UniqueIdentifier>
    </Filter>
    <Filter Include="CommonList">
      <UniqueIdentifier>{f6558832-87fb-4bfc-9e94-bc61b07e55ca}</UniqueIdentifier>
    </Filter>
    <Filter Include="crc32">
      <UniqueIdentifier>{f98873bb-44b8-4bae-b319-81e7350251d6}</UniqueIdentifier>
    </Filter>
    <Filter Include="crt">
      <UniqueIdentifier>{055b08c3-9229-465c-bdee-96016bfce10d}</UniqueIdentifier>
    </Filter>
    <Filter Include="crt\asmlib">
      <UniqueIdentifier>{8dfb1e0d-a3fd-4059-be9e-2f61afa8fbc8}</UniqueIdentifier>
    </Filter>
    <Filter Include="crt\fbit">
      <UniqueIdentifier>{c23daa09-9528-460f-8cfb-b75649ffbd9d}</UniqueIdentifier>
    </Filter>
    <Filter Include="crt\include">
      <UniqueIdentifier>{294164e9-f88b-4fbb-b9e0-e59b67e9e8f8}</UniqueIdentifier>
    </Filter>
    <Filter Include="crt\longdouble">
      <UniqueIdentifier>{b99ee185-f46c-4f16-834e-7fe2e7422982}</UniqueIdentifier>
    </Filter>
    <Filter Include="crt\math">
      <UniqueIdentifier>{6f36187a-6dd7-4e63-89d9-45072d121a1c}</UniqueIdentifier>
    </Filter>
    <Filter Include="crt\msvc">
      <UniqueIdentifier>{62f0b878-ecc3-419c-a379-e4dfec950af4}</UniqueIdentifier>
    </Filter>
    <Filter Include="crt\ui32tot">
      <UniqueIdentifier>{9d33f3e8-d27c-48e7-8b36-16fdeeef65c1}</UniqueIdentifier>
    </Filter>
    <Filter Include="crt\ui64tot">
      <UniqueIdentifier>{ead7fcb0-1bd8-4d15-a7a2-c3b828587958}</UniqueIdentifier>
    </Filter>
    <Filter Include="EnumReadSSG">
      <UniqueIdentifier>{f60cf8c0-9521-4161-a638-ef28e2f73053}</UniqueIdentifier>
    </Filter>
    <Filter Include="ErrorSkip">
      <UniqueIdentifier>{f1328047-31e2-4508-8958-7f7fd7a5f4e9}</UniqueIdentifier>
    </Filter>
    <Filter Include="extern">
      <UniqueIdentifier>{cc4470cb-7209-4c5d-862f-e26487f05f0e}</UniqueIdentifier>
    </Filter>
    <Filter Include="FixAdjustByString">
      <UniqueIdentifier>{72a11d6e-fc8d-49d8-a4de-889a915c8d6d}</UniqueIdentifier>
    </Filter>
    <Filter Include="FixAdjustByValue">
      <UniqueIdentifier>{ba3e14cc-4a4b-43e1-9208-8afa404304b3}</UniqueIdentifier>
    </Filter>
    <Filter Include="FixByteArrayFind">
      <UniqueIdentifier>{e1b6f8f7-5f7b-47ce-acbc-4c95ced847f2}</UniqueIdentifier>
    </Filter>
    <Filter Include="FixClearChild">
      <UniqueIdentifier>{86bfb2bd-7061-4cfb-9e1d-ab25cab34081}</UniqueIdentifier>
    </Filter>
    <Filter Include="FixDoubleList">
      <UniqueIdentifier>{89f01c75-3b2f-4dcd-b8d4-61bc1ef7808f}</UniqueIdentifier>
    </Filter>
    <Filter Include="FixEraseElement">
      <UniqueIdentifier>{d96233a5-8ce5-4294-948b-b8f4e130d6d9}</UniqueIdentifier>
    </Filter>
    <Filter Include="FixFindName">
      <UniqueIdentifier>{32f51e56-89c0-4366-bfbb-f44fac0d484a}</UniqueIdentifier>
    </Filter>
    <Filter Include="FixGetDistractionString">
      <UniqueIdentifier>{ce81b02e-376f-49dc-a1b1-abac72d2425f}</UniqueIdentifier>
    </Filter>
    <Filter Include="FixGetModuleFromName">
      <UniqueIdentifier>{623a4b21-8882-4ba7-8aed-c4f549cd755b}</UniqueIdentifier>
    </Filter>
    <Filter Include="FixGetSSGDataFile">
      <UniqueIdentifier>{ac81c1e7-5b5b-41b3-87c3-c0109dfd244c}</UniqueIdentifier>
    </Filter>
    <Filter Include="FixListFEP">
      <UniqueIdentifier>{393d8820-fd6b-4866-b880-1f4989f3e3e2}</UniqueIdentifier>
    </Filter>
    <Filter Include="FixLoadFromFile">
      <UniqueIdentifier>{96219cd2-1c60-4948-8029-4dee41ca8d84}</UniqueIdentifier>
    </Filter>
    <Filter Include="FixLoopByteArray">
      <UniqueIdentifier>{8e98d7f1-d81d-4dad-a2ec-58ee86218e83}</UniqueIdentifier>
    </Filter>
    <Filter Include="FixMainForm">
      <UniqueIdentifier>{4fb2b348-03a8-4848-9282-da8a298d8800}</UniqueIdentifier>
    </Filter>
    <Filter Include="FixMainForm\DGrid">
      <UniqueIdentifier>{515eb429-30d8-4e85-aee4-e205c11d0a8c}</UniqueIdentifier>
    </Filter>
    <Filter Include="FixMainForm\MainForm">
      <UniqueIdentifier>{b8a40139-36fb-41c7-9994-cd6dc2a20f74}</UniqueIdentifier>
    </Filter>
    <Filter Include="FixMainForm\Menu">
      <UniqueIdentifier>{6c8a85e4-bda8-4bf8-b8d2-0990522872ff}</UniqueIdentifier>
    </Filter>
    <Filter Include="FixMaskBytes">
      <UniqueIdentifier>{d67555c3-8556-4129-bb58-0cbbeb1fe674}</UniqueIdentifier>
    </Filter>
    <Filter Include="FixOnParsingProcess">
      <UniqueIdentifier>{d40ed821-8f4b-4b8b-8c80-7486532d515e}</UniqueIdentifier>
    </Filter>
    <Filter Include="FixRemoveSpace">
      <UniqueIdentifier>{add07c47-38f1-45ef-b29a-ebfedd5d6219}</UniqueIdentifier>
    </Filter>
    <Filter Include="FixRepeat">
      <UniqueIdentifier>{535e5432-ef71-4ff5-9577-41394fead0b2}</UniqueIdentifier>
    </Filter>
    <Filter Include="FixSingleInstance">
      <UniqueIdentifier>{79d94f2e-07ec-400c-9674-8139adef3831}</UniqueIdentifier>
    </Filter>
    <Filter Include="FixSortTitle">
      <UniqueIdentifier>{a1d8747c-74de-4262-8fe0-b6ef5536bfbe}</UniqueIdentifier>
    </Filter>
    <Filter Include="FixSplitElement">
      <UniqueIdentifier>{ba219a63-7d67-4397-888d-dfc517d753e4}</UniqueIdentifier>
    </Filter>
    <Filter Include="FixToggleByteArray">
      <UniqueIdentifier>{3fb32ca3-98f5-4a95-8b4a-f7b6c0cddc4a}</UniqueIdentifier>
    </Filter>
    <Filter Include="FixTraceAndCopy">
      <UniqueIdentifier>{4ab8fa35-2c4d-4a87-ad1b-f1f4152d2d5e}</UniqueIdentifier>
    </Filter>
    <Filter Include="ForceFunnel">
      <UniqueIdentifier>{35589753-e7a3-4e16-9da2-90d239041b50}</UniqueIdentifier>
    </Filter>
    <Filter Include="FormatNameString">
      <UniqueIdentifier>{19f2a5e1-78e8-4267-9978-d1b32b2ba182}</UniqueIdentifier>
    </Filter>
    <Filter Include="include">
      <UniqueIdentifier>{82c58292-5db5-4907-ad1d-04e29e4603e2}</UniqueIdentifier>
    </Filter>
    <Filter Include="IsBadPtr">
      <UniqueIdentifier>{18d12ba0-6b78-48cb-a4df-a9d7fbc5bb78}</UniqueIdentifier>
    </Filter>
    <Filter Include="Kernel32">
      <UniqueIdentifier>{b3a530ad-29f7-46d5-b347-4f4c42b84630}</UniqueIdentifier>
    </Filter>
    <Filter Include="MinMaxParam">
      <UniqueIdentifier>{a91011ff-87c4-4591-bb14-443a29b00b05}</UniqueIdentifier>
    </Filter>
    <Filter Include="MsImg32">
      <UniqueIdentifier>{4fc69da2-13d0-4529-bc97-db1b3d139a3a}</UniqueIdentifier>
    </Filter>
    <Filter Include="NocachedMemoryList">
      <UniqueIdentifier>{05caf95f-f454-4ee6-9f78-15d5fd687ba5}</UniqueIdentifier>
    </Filter>
    <Filter Include="OnSSGCtrlCleared">
      <UniqueIdentifier>{eef66249-6eb7-4600-bf46-6691d4ba9962}</UniqueIdentifier>
    </Filter>
    <Filter Include="OptimizeAllocator">
      <UniqueIdentifier>{defbd13c-7920-48fb-b29a-111de4f88871}</UniqueIdentifier>
    </Filter>
    <Filter Include="OptimizeCRT">
      <UniqueIdentifier>{70bc2845-79f5-47a9-bfac-194b758f778a}</UniqueIdentifier>
    </Filter>
    <Filter Include="OptimizeGuide">
      <UniqueIdentifier>{f7b4c93c-309b-4eb8-8db3-8d08045c379e}</UniqueIdentifier>
    </Filter>
    <Filter Include="OptimizeStringDivision">
      <UniqueIdentifier>{3454de58-55d4-4cc9-aca3-6e9fa5362686}</UniqueIdentifier>
    </Filter>
    <Filter Include="Parsing">
      <UniqueIdentifier>{7d80712a-2b02-4aad-9cf1-f58245849dce}</UniqueIdentifier>
    </Filter>
    <Filter Include="Plugin">
      <UniqueIdentifier>{a79f3039-9d0b-4718-8d33-59ea98536bc0}</UniqueIdentifier>
    </Filter>
    <Filter Include="ProcessMonitor">
      <UniqueIdentifier>{11cd747d-e132-40de-b28a-f0406ac1dd2a}</UniqueIdentifier>
    </Filter>
    <Filter Include="regex">
      <UniqueIdentifier>{76204444-e924-4629-a841-2e2f34a80bce}</UniqueIdentifier>
    </Filter>
    <Filter Include="regex\crt">
      <UniqueIdentifier>{9c9860f5-2ba9-4f65-a4c7-b8c97a63f2c7}</UniqueIdentifier>
    </Filter>
    <Filter Include="regex\crt\x86">
      <UniqueIdentifier>{6e999423-1f23-4abe-964e-bbdafe1a5dce}</UniqueIdentifier>
    </Filter>
    <Filter Include="regex\include">
      <UniqueIdentifier>{b0669ccb-8ad7-4095-91d4-b94a08efa0f6}</UniqueIdentifier>
    </Filter>
    <Filter Include="regex\include\sys">
      <UniqueIdentifier>{d6bdabb6-6e96-4ca5-bb08-1fcbb66fe255}</UniqueIdentifier>
    </Filter>
    <Filter Include="regex\posix">
      <UniqueIdentifier>{c88b0552-18a5-484c-bcf6-0987bf0db058}</UniqueIdentifier>
    </Filter>
    <Filter Include="RepeatIndex">
      <UniqueIdentifier>{e94e281b-eeb2-416d-b79f-9e7903970378}</UniqueIdentifier>
    </Filter>
    <Filter Include="ShowErrorMessage">
      <UniqueIdentifier>{a324b248-4212-41e9-80d2-44a156329026}</UniqueIdentifier>
    </Filter>
    <Filter Include="SideBySideComCtl32">
      <UniqueIdentifier>{6ba95ffb-c47c-44c8-a56c-04a9bc1c8d82}</UniqueIdentifier>
    </Filter>
    <Filter Include="SnapWindow">
      <UniqueIdentifier>{78f13257-4d1c-4759-9168-cdec58056fbf}</UniqueIdentifier>
    </Filter>
    <Filter Include="StringSubject">
      <UniqueIdentifier>{e95b360f-6b8c-46a9-99e4-aef571f1af68}</UniqueIdentifier>
    </Filter>
    <Filter Include="SubjectProperty">
      <UniqueIdentifier>{6ef7eab8-ae94-4888-8514-38560df22fe8}</UniqueIdentifier>
    </Filter>
    <Filter Include="SubjectStringTable">
      <UniqueIdentifier>{9e806e5b-6eb0-40fa-8ca6-fb2028809c50}</UniqueIdentifier>
    </Filter>
    <Filter Include="TlHelp32Fix">
      <UniqueIdentifier>{8fd08778-c057-497b-9e3c-6a24c286aa6c}</UniqueIdentifier>
    </Filter>
    <Filter Include="ToolTip">
      <UniqueIdentifier>{1d37f496-16ff-4d83-a4b2-45e287af098f}</UniqueIdentifier>
    </Filter>
    <Filter Include="TranscodeMultiByte">
      <UniqueIdentifier>{0f9f72d3-0c24-45e0-9c2e-4148625ad894}</UniqueIdentifier>
    </Filter>
    <Filter Include="Verbose">
      <UniqueIdentifier>{af021434-34f6-4509-9967-8b6fd4e61286}</UniqueIdentifier>
    </Filter>
    <Filter Include="WaitCursor">
      <UniqueIdentifier>{204a0350-49b0-4f71-80bf-4bae0b871a85}</UniqueIdentifier>
    </Filter>
  </ItemGroup>
  <ItemGroup>
    <ClCompile Include="AddEntryModule\AddEntryModule.c">
      <Filter>AddEntryModule</Filter>
    </ClCompile>
    <ClCompile Include="AddEntryModule\Attach_AddEntryModule.c">
      <Filter>AddEntryModule</Filter>
    </ClCompile>
    <ClCompile Include="AddEntryModule\Caller_AddEntryModule.c">
      <Filter>AddEntryModule</Filter>
    </ClCompile>
    <ClCompile Include="AddressNamingAdditionalType\AddressNamingAdditionalType.c">
      <Filter>AddressNamingAdditionalType</Filter>
    </ClCompile>
    <ClCompile Include="AddressNamingAdditionalType\AddressNamingFEPFreeList.c">
      <Filter>AddressNamingAdditionalType</Filter>
    </ClCompile>
    <ClCompile Include="AddressNamingAdditionalType\AddressNamingFEPList.c">
      <Filter>AddressNamingAdditionalType</Filter>
    </ClCompile>
    <ClCompile Include="AddressNamingAdditionalType\AddressNamingFEPNumber.c">
      <Filter>AddressNamingAdditionalType</Filter>
    </ClCompile>
    <ClCompile Include="AddressNamingAdditionalType\AddressNamingFromUnicode.c">
      <Filter>AddressNamingAdditionalType</Filter>
    </ClCompile>
    <ClCompile Include="AddressNamingAdditionalType\AddressNamingFromUtf8.c">
      <Filter>AddressNamingAdditionalType</Filter>
    </ClCompile>
    <ClCompile Include="AddressNamingAdditionalType\Attach_AddressNamingAdditionalType.c">
      <Filter>AddressNamingAdditionalType</Filter>
    </ClCompile>
    <ClCompile Include="AddressNamingFmt\Attach_AddressNamingFmt.c">
      <Filter>AddressNamingFmt</Filter>
    </ClCompile>
    <ClCompile Include="AddressNamingFmt\TSSGCtrl_AddressNaming_OneRead.c">
      <Filter>AddressNamingFmt</Filter>
    </ClCompile>
    <ClCompile Include="AddressNamingFromFloat\AddressNamingFromFloat.c">
      <Filter>AddressNamingFromFloat</Filter>
    </ClCompile>
    <ClCompile Include="AddressNamingFromFloat\Attach_AddressNamingFromFloat.c">
      <Filter>AddressNamingFromFloat</Filter>
    </ClCompile>
    <ClCompile Include="CommonList\Attach_CommonList.c">
      <Filter>CommonList</Filter>
    </ClCompile>
    <ClCompile Include="CommonList\TMainForm_DrawTreeCell_CorrectDrawText.c">
      <Filter>CommonList</Filter>
    </ClCompile>
    <ClCompile Include="CommonList\TMainForm_SubjectAccess_CorrectListItemText.c">
      <Filter>CommonList</Filter>
    </ClCompile>
    <ClCompile Include="CommonList\TMainForm_SubjectAccess_StoreFileNamePrefix.c">
      <Filter>CommonList</Filter>
    </ClCompile>
    <ClCompile Include="CommonList\TMainForm_SubjectAccess_ToULongDef.c">
      <Filter>CommonList</Filter>
    </ClCompile>
    <ClCompile Include="CommonList\TSSGCtrl_AddressNaming_CommonList.c">
      <Filter>CommonList</Filter>
    </ClCompile>
    <ClCompile Include="CommonList\TSSGCtrl_EnumReadSSR_SwitchCommonList.c">
      <Filter>CommonList</Filter>
    </ClCompile>
    <ClCompile Include="CommonList\TSSGCtrl_LoopSSRFile_CommonList.c">
      <Filter>CommonList</Filter>
    </ClCompile>
    <ClCompile Include="crc32\crc32.c">
      <Filter>crc32</Filter>
    </ClCompile>
    <ClCompile Include="crt\asmlib\cachesize.c">
      <Filter>crt\asmlib</Filter>
    </ClCompile>
    <ClCompile Include="crt\asmlib\cputype.c">
      <Filter>crt\asmlib</Filter>
    </ClCompile>
    <ClCompile Include="crt\asmlib\instrset.c">
      <Filter>crt\asmlib</Filter>
    </ClCompile>
    <ClCompile Include="crt\asmlib\store256bitisfaster.c">
      <Filter>crt\asmlib</Filter>
    </ClCompile>
    <ClCompile Include="crt\asmlib\strcat.c">
      <Filter>crt\asmlib</Filter>
    </ClCompile>
    <ClCompile Include="crt\asmlib\strcmp.c">
      <Filter>crt\asmlib</Filter>
    </ClCompile>
    <ClCompile Include="crt\asmlib\strcpy.c">
      <Filter>crt\asmlib</Filter>
    </ClCompile>
    <ClCompile Include="crt\asmlib\strcspn.c">
      <Filter>crt\asmlib</Filter>
    </ClCompile>
    <ClCompile Include="crt\asmlib\stricmp.c">
      <Filter>crt\asmlib</Filter>
    </ClCompile>
    <ClCompile Include="crt\asmlib\strlen.c">
      <Filter>crt\asmlib</Filter>
    </ClCompile>
    <ClCompile Include="crt\asmlib\strlwrupr.c">
      <Filter>crt\asmlib</Filter>
    </ClCompile>
    <ClCompile Include="crt\asmlib\strpbrk.c">
      <Filter>crt\asmlib</Filter>
    </ClCompile>
    <ClCompile Include="crt\asmlib\strspn.c">
      <Filter>crt\asmlib</Filter>
    </ClCompile>
    <ClCompile Include="crt\asmlib\strstr.c">
      <Filter>crt\asmlib</Filter>
    </ClCompile>
    <ClCompile Include="crt\asmlib\unalignedisfaster.c">
      <Filter>crt\asmlib</Filter>
    </ClCompile>
    <ClCompile Include="crt\atoitbl.c">
      <Filter>crt</Filter>
    </ClCompile>
    <ClCompile Include="crt\bsearch.c">
      <Filter>crt</Filter>
    </ClCompile>
    <ClCompile Include="crt\controlfp.c">
      <Filter>crt</Filter>
    </ClCompile>
    <ClCompile Include="crt\digitstbla.c">
      <Filter>crt</Filter>
    </ClCompile>
    <ClCompile Include="crt\digitstblw.c">
      <Filter>crt</Filter>
    </ClCompile>
    <ClCompile Include="crt\errno.c">
      <Filter>crt</Filter>
    </ClCompile>
    <ClCompile Include="crt\except1.c">
      <Filter>crt</Filter>
    </ClCompile>
    <ClCompile Include="crt\fbit\fband.c">
      <Filter>crt\fbit</Filter>
    </ClCompile>
    <ClCompile Include="crt\fbit\fbnot32.c">
      <Filter>crt\fbit</Filter>
    </ClCompile>
    <ClCompile Include="crt\fbit\fbor.c">
      <Filter>crt\fbit</Filter>
    </ClCompile>
    <ClCompile Include="crt\fbit\fbxor.c">
      <Filter>crt\fbit</Filter>
    </ClCompile>
    <ClCompile Include="crt\i64toa.c">
      <Filter>crt</Filter>
    </ClCompile>
    <ClCompile Include="crt\i64tow.c">
      <Filter>crt</Filter>
    </ClCompile>
    <ClCompile Include="crt\ltoa.c">
      <Filter>crt</Filter>
    </ClCompile>
    <ClCompile Include="crt\ltow.c">
      <Filter>crt</Filter>
    </ClCompile>
    <ClCompile Include="crt\math\acos.c">
      <Filter>crt\math</Filter>
    </ClCompile>
    <ClCompile Include="crt\math\asin.c">
      <Filter>crt\math</Filter>
    </ClCompile>
    <ClCompile Include="crt\math\atan.c">
      <Filter>crt\math</Filter>
    </ClCompile>
    <ClCompile Include="crt\math\atan2.c">
      <Filter>crt\math</Filter>
    </ClCompile>
    <ClCompile Include="crt\math\ceil.c">
      <Filter>crt\math</Filter>
    </ClCompile>
    <ClCompile Include="crt\math\cos.c">
      <Filter>crt\math</Filter>
    </ClCompile>
    <ClCompile Include="crt\math\cosh.c">
      <Filter>crt\math</Filter>
    </ClCompile>
    <ClCompile Include="crt\math\exp.c">
      <Filter>crt\math</Filter>
    </ClCompile>
    <ClCompile Include="crt\math\exp10.c">
      <Filter>crt\math</Filter>
    </ClCompile>
    <ClCompile Include="crt\math\exp2.c">
      <Filter>crt\math</Filter>
    </ClCompile>
    <ClCompile Include="crt\math\expm1.c">
      <Filter>crt\math</Filter>
    </ClCompile>
    <ClCompile Include="crt\math\fabs.c">
      <Filter>crt\math</Filter>
    </ClCompile>
    <ClCompile Include="crt\math\finite.c">
      <Filter>crt</Filter>
    </ClCompile>
    <ClCompile Include="crt\math\floor.c">
      <Filter>crt\math</Filter>
    </ClCompile>
    <ClCompile Include="crt\math\fmod.c">
      <Filter>crt\math</Filter>
    </ClCompile>
    <ClCompile Include="crt\math\fpconst.c">
      <Filter>crt\math</Filter>
    </ClCompile>
    <ClCompile Include="crt\math\fpreset.c">
      <Filter>crt\math</Filter>
    </ClCompile>
    <ClCompile Include="crt\math\frexp.c">
      <Filter>crt\math</Filter>
    </ClCompile>
    <ClCompile Include="crt\math\ftol3.c">
      <Filter>crt\math</Filter>
    </ClCompile>
    <ClCompile Include="crt\math\ilogb.c">
      <Filter>crt\math</Filter>
    </ClCompile>
    <ClCompile Include="crt\math\isinf.c">
      <Filter>crt\math</Filter>
    </ClCompile>
    <ClCompile Include="crt\math\isnan.c">
      <Filter>crt</Filter>
    </ClCompile>
    <ClCompile Include="crt\math\ldexp.c">
      <Filter>crt\math</Filter>
    </ClCompile>
    <ClCompile Include="crt\math\ldexp10.c">
      <Filter>crt\math</Filter>
    </ClCompile>
    <ClCompile Include="crt\math\log.c">
      <Filter>crt\math</Filter>
    </ClCompile>
    <ClCompile Include="crt\math\log10.c">
      <Filter>crt\math</Filter>
    </ClCompile>
    <ClCompile Include="crt\math\log1p.c">
      <Filter>crt\math</Filter>
    </ClCompile>
    <ClCompile Include="crt\math\modf.c">
      <Filter>crt\math</Filter>
    </ClCompile>
    <ClCompile Include="crt\math\nearbyint.c">
      <Filter>crt\math</Filter>
    </ClCompile>
    <ClCompile Include="crt\math\pow.c">
      <Filter>crt\math</Filter>
    </ClCompile>
    <ClCompile Include="crt\math\rint.c">
      <Filter>crt\math</Filter>
    </ClCompile>
    <ClCompile Include="crt\math\round.c">
      <Filter>crt\math</Filter>
    </ClCompile>
    <ClCompile Include="crt\math\signbit.c">
      <Filter>crt</Filter>
    </ClCompile>
    <ClCompile Include="crt\math\sin.c">
      <Filter>crt\math</Filter>
    </ClCompile>
    <ClCompile Include="crt\math\sinh.c">
      <Filter>crt\math</Filter>
    </ClCompile>
    <ClCompile Include="crt\math\sqrt.c">
      <Filter>crt\math</Filter>
    </ClCompile>
    <ClCompile Include="crt\math\tan.c">
      <Filter>crt\math</Filter>
    </ClCompile>
    <ClCompile Include="crt\math\tanh.c">
      <Filter>crt\math</Filter>
    </ClCompile>
    <ClCompile Include="crt\math\trunc.c">
      <Filter>crt\math</Filter>
    </ClCompile>
    <ClCompile Include="crt\mbschr.c">
      <Filter>crt</Filter>
    </ClCompile>
    <ClCompile Include="crt\mbscspn.c">
      <Filter>crt</Filter>
    </ClCompile>
    <ClCompile Include="crt\mbsichr.c">
      <Filter>crt</Filter>
    </ClCompile>
    <ClCompile Include="crt\mbsicmp.c">
      <Filter>crt</Filter>
    </ClCompile>
    <ClCompile Include="crt\mbsistr.c">
      <Filter>crt</Filter>
    </ClCompile>
    <ClCompile Include="crt\mbslen.c">
      <Filter>crt</Filter>
    </ClCompile>
    <ClCompile Include="crt\mbslwr.c">
      <Filter>crt</Filter>
    </ClCompile>
    <ClCompile Include="crt\mbsnbicmp.c">
      <Filter>crt</Filter>
    </ClCompile>
    <ClCompile Include="crt\mbsnicmp.c">
      <Filter>crt</Filter>
    </ClCompile>
    <ClCompile Include="crt\mbsnlen.c">
      <Filter>crt</Filter>
    </ClCompile>
    <ClCompile Include="crt\mbspbrk.c">
      <Filter>crt</Filter>
    </ClCompile>
    <ClCompile Include="crt\mbsrchr.c">
      <Filter>crt</Filter>
    </ClCompile>
    <ClCompile Include="crt\mbsrev.c">
      <Filter>crt</Filter>
    </ClCompile>
    <ClCompile Include="crt\mbsrichr.c">
      <Filter>crt</Filter>
    </ClCompile>
    <ClCompile Include="crt\mbsspn.c">
      <Filter>crt</Filter>
    </ClCompile>
    <ClCompile Include="crt\mbsstr.c">
      <Filter>crt</Filter>
    </ClCompile>
    <ClCompile Include="crt\mbstok.c">
      <Filter>crt</Filter>
    </ClCompile>
    <ClCompile Include="crt\mbsupr.c">
      <Filter>crt</Filter>
    </ClCompile>
    <ClCompile Include="crt\memccpy.c">
      <Filter>crt</Filter>
    </ClCompile>
    <ClCompile Include="crt\memchr.c">
      <Filter>crt</Filter>
    </ClCompile>
    <ClCompile Include="crt\memicmp.c">
      <Filter>crt</Filter>
    </ClCompile>
    <ClCompile Include="crt\msvc\isa_available_init.c">
      <Filter>crt\msvc</Filter>
    </ClCompile>
    <ClCompile Include="crt\qsort.c">
      <Filter>crt</Filter>
    </ClCompile>
    <ClCompile Include="crt\rand.c">
      <Filter>crt</Filter>
    </ClCompile>
    <ClCompile Include="crt\snprintf.c">
      <Filter>crt</Filter>
    </ClCompile>
    <ClCompile Include="crt\snwprintf.c">
      <Filter>crt</Filter>
    </ClCompile>
    <ClCompile Include="crt\strchr.c">
      <Filter>crt</Filter>
    </ClCompile>
    <ClCompile Include="crt\strichr.c">
      <Filter>crt</Filter>
    </ClCompile>
    <ClCompile Include="crt\stricmp.c">
      <Filter>crt</Filter>
    </ClCompile>
    <ClCompile Include="crt\stristr.c">
      <Filter>crt</Filter>
    </ClCompile>
    <ClCompile Include="crt\strlcat.c">
      <Filter>crt</Filter>
    </ClCompile>
    <ClCompile Include="crt\strlcpy.c">
      <Filter>crt</Filter>
    </ClCompile>
    <ClCompile Include="crt\strncat.c">
      <Filter>crt</Filter>
    </ClCompile>
    <ClCompile Include="crt\strncmp.c">
      <Filter>crt</Filter>
    </ClCompile>
    <ClCompile Include="crt\strncpy.c">
      <Filter>crt</Filter>
    </ClCompile>
    <ClCompile Include="crt\strnicmp.c">
      <Filter>crt</Filter>
    </ClCompile>
    <ClCompile Include="crt\strnlen.c">
      <Filter>crt</Filter>
    </ClCompile>
    <ClCompile Include="crt\strrchr.c">
      <Filter>crt</Filter>
    </ClCompile>
    <ClCompile Include="crt\strrev.c">
      <Filter>crt</Filter>
    </ClCompile>
    <ClCompile Include="crt\strrichr.c">
      <Filter>crt</Filter>
    </ClCompile>
    <ClCompile Include="crt\strtod.c">
      <Filter>crt</Filter>
    </ClCompile>
    <ClCompile Include="crt\strtoi64.c">
      <Filter>crt</Filter>
    </ClCompile>
    <ClCompile Include="crt\strtok.c">
      <Filter>crt</Filter>
    </ClCompile>
    <ClCompile Include="crt\time.c">
      <Filter>crt</Filter>
    </ClCompile>
    <ClCompile Include="crt\ui32tot\ui32toa.c">
      <Filter>crt\ui32tot</Filter>
    </ClCompile>
    <ClCompile Include="crt\ui32tot\ui32tow.c">
      <Filter>crt\ui32tot</Filter>
    </ClCompile>
    <ClCompile Include="crt\ui64toa.c">
      <Filter>crt</Filter>
    </ClCompile>
    <ClCompile Include="crt\ui64tot\ui64toa.c">
      <Filter>crt\ui64tot</Filter>
    </ClCompile>
    <ClCompile Include="crt\ui64tot\ui64tow.c">
      <Filter>crt\ui64tot</Filter>
    </ClCompile>
    <ClCompile Include="crt\ui64tow.c">
      <Filter>crt</Filter>
    </ClCompile>
    <ClCompile Include="crt\ultoa.c">
      <Filter>crt</Filter>
    </ClCompile>
    <ClCompile Include="crt\ultow.c">
      <Filter>crt</Filter>
    </ClCompile>
    <ClCompile Include="crt\vsnprintf.c">
      <Filter>crt</Filter>
    </ClCompile>
    <ClCompile Include="crt\vsnwprintf.c">
      <Filter>crt</Filter>
    </ClCompile>
    <ClCompile Include="crt\wcscat.c">
      <Filter>crt</Filter>
    </ClCompile>
    <ClCompile Include="crt\wcschr.c">
      <Filter>crt</Filter>
    </ClCompile>
    <ClCompile Include="crt\wcscmp.c">
      <Filter>crt</Filter>
    </ClCompile>
    <ClCompile Include="crt\wcscspn.c">
      <Filter>crt</Filter>
    </ClCompile>
    <ClCompile Include="crt\wcsichr.c">
      <Filter>crt</Filter>
    </ClCompile>
    <ClCompile Include="crt\wcsicmp.c">
      <Filter>crt</Filter>
    </ClCompile>
    <ClCompile Include="crt\wcsistr.c">
      <Filter>crt</Filter>
    </ClCompile>
    <ClCompile Include="crt\wcslcat.c">
      <Filter>crt</Filter>
    </ClCompile>
    <ClCompile Include="crt\wcslcpy.c">
      <Filter>crt</Filter>
    </ClCompile>
    <ClCompile Include="crt\wcslen.c">
      <Filter>crt</Filter>
    </ClCompile>
    <ClCompile Include="crt\wcslwrupr.c">
      <Filter>crt</Filter>
    </ClCompile>
    <ClCompile Include="crt\wcsncat.c">
      <Filter>crt</Filter>
    </ClCompile>
    <ClCompile Include="crt\wcsncmp.c">
      <Filter>crt</Filter>
    </ClCompile>
    <ClCompile Include="crt\wcsncpy.c">
      <Filter>crt</Filter>
    </ClCompile>
    <ClCompile Include="crt\wcsnicmp.c">
      <Filter>crt</Filter>
    </ClCompile>
    <ClCompile Include="crt\wcsnlen.c">
      <Filter>crt</Filter>
    </ClCompile>
    <ClCompile Include="crt\wcspbrk.c">
      <Filter>crt</Filter>
    </ClCompile>
    <ClCompile Include="crt\wcsrchr.c">
      <Filter>crt</Filter>
    </ClCompile>
    <ClCompile Include="crt\wcsrev.c">
      <Filter>crt</Filter>
    </ClCompile>
    <ClCompile Include="crt\wcsrichr.c">
      <Filter>crt</Filter>
    </ClCompile>
    <ClCompile Include="crt\wcsspn.c">
      <Filter>crt</Filter>
    </ClCompile>
    <ClCompile Include="crt\wcsstr.c">
      <Filter>crt</Filter>
    </ClCompile>
    <ClCompile Include="crt\wcstod.c">
      <Filter>crt</Filter>
    </ClCompile>
    <ClCompile Include="crt\wcstoi64.c">
      <Filter>crt</Filter>
    </ClCompile>
    <ClCompile Include="crt\wcstok.c">
      <Filter>crt</Filter>
    </ClCompile>
    <ClCompile Include="crt\wmemccpy.c">
      <Filter>crt</Filter>
    </ClCompile>
    <ClCompile Include="crt\wmemchr.c">
      <Filter>crt</Filter>
    </ClCompile>
    <ClCompile Include="crt\wmemcpy.c">
      <Filter>crt</Filter>
    </ClCompile>
    <ClCompile Include="crt\wmemicmp.c">
      <Filter>crt</Filter>
    </ClCompile>
    <ClCompile Include="crt\wmemmove.c">
      <Filter>crt</Filter>
    </ClCompile>
    <ClCompile Include="crt\xmmconst.c">
      <Filter>crt</Filter>
    </ClCompile>
    <ClCompile Include="EnumReadSSG\Attach_EnumReadSSG.c">
      <Filter>EnumReadSSG</Filter>
    </ClCompile>
    <ClCompile Include="EnumReadSSG\TSSGCtrl_EnumReadSSG.c">
      <Filter>EnumReadSSG</Filter>
    </ClCompile>
    <ClCompile Include="EnumReadSSG\TSSGCtrl_MakeSubjectType.c">
      <Filter>EnumReadSSG</Filter>
    </ClCompile>
    <ClCompile Include="ErrorSkip\Attach_ErrorSkip.c">
      <Filter>ErrorSkip</Filter>
    </ClCompile>
    <ClCompile Include="ErrorSkip\TSSBundleList_Write_ErrorSkip.c">
      <Filter>ErrorSkip</Filter>
    </ClCompile>
    <ClCompile Include="ErrorSkip\TSSDir_WriteChildren_ErrorSkip.c">
      <Filter>ErrorSkip</Filter>
    </ClCompile>
    <ClCompile Include="ErrorSkip\TSSGActionListner_OnSubjectWriteError_ErrorSkip.c">
      <Filter>ErrorSkip</Filter>
    </ClCompile>
    <ClCompile Include="ErrorSkip\TSSGCtrl_Write_ErrorSkip.c">
      <Filter>ErrorSkip</Filter>
    </ClCompile>
    <ClCompile Include="extern\bcb6_errno.c">
      <Filter>extern</Filter>
    </ClCompile>
    <ClCompile Include="extern\bcb6_fastcall_bridge.c">
      <Filter>extern</Filter>
    </ClCompile>
    <ClCompile Include="extern\bcb6_operator.c">
      <Filter>extern</Filter>
    </ClCompile>
    <ClCompile Include="extern\bcb6_std_allocator.c">
      <Filter>extern</Filter>
    </ClCompile>
    <ClCompile Include="extern\bcb6_std_deque.c">
      <Filter>extern</Filter>
    </ClCompile>
    <ClCompile Include="extern\bcb6_std_list.c">
      <Filter>extern</Filter>
    </ClCompile>
    <ClCompile Include="extern\bcb6_std_map.c">
      <Filter>extern</Filter>
    </ClCompile>
    <ClCompile Include="extern\bcb6_std_stack.c">
      <Filter>extern</Filter>
    </ClCompile>
    <ClCompile Include="extern\bcb6_std_string.c">
      <Filter>extern</Filter>
    </ClCompile>
    <ClCompile Include="extern\bcb6_std_vector.c">
      <Filter>extern</Filter>
    </ClCompile>
    <ClCompile Include="extern\bcb6_std_vector_byte.c">
      <Filter>extern</Filter>
    </ClCompile>
    <ClCompile Include="extern\bcb6_std_vector_dword.c">
      <Filter>extern</Filter>
    </ClCompile>
    <ClCompile Include="extern\bcb6_std_vector_string.c">
      <Filter>extern</Filter>
    </ClCompile>
    <ClCompile Include="extern\functions.c">
      <Filter>extern</Filter>
    </ClCompile>
    <ClCompile Include="extern\TApplication.c">
      <Filter>extern</Filter>
    </ClCompile>
    <ClCompile Include="extern\TBitmap.c">
      <Filter>extern</Filter>
    </ClCompile>
    <ClCompile Include="extern\TBrush.c">
      <Filter>extern</Filter>
    </ClCompile>
    <ClCompile Include="extern\TCalcImage.c">
      <Filter>extern</Filter>
    </ClCompile>
    <ClCompile Include="extern\TCanvas.c">
      <Filter>extern</Filter>
    </ClCompile>
    <ClCompile Include="extern\TCheckBox.c">
      <Filter>extern</Filter>
    </ClCompile>
    <ClCompile Include="extern\TComboBox.c">
      <Filter>extern</Filter>
    </ClCompile>
    <ClCompile Include="extern\TDrawGrid.c">
      <Filter>extern</Filter>
    </ClCompile>
    <ClCompile Include="extern\TEdit.c">
      <Filter>extern</Filter>
    </ClCompile>
    <ClCompile Include="extern\TListBox.c">
      <Filter>extern</Filter>
    </ClCompile>
    <ClCompile Include="extern\TMainForm.c">
      <Filter>extern</Filter>
    </ClCompile>
    <ClCompile Include="extern\TMainMenu.c">
      <Filter>extern</Filter>
    </ClCompile>
    <ClCompile Include="extern\TMenuItem.c">
      <Filter>extern</Filter>
    </ClCompile>
    <ClCompile Include="extern\TProcessCtrl.c">
      <Filter>extern</Filter>
    </ClCompile>
    <ClCompile Include="extern\TSSCalc.c">
      <Filter>extern</Filter>
    </ClCompile>
    <ClCompile Include="extern\TSSDir.c">
      <Filter>extern</Filter>
    </ClCompile>
    <ClCompile Include="extern\TSSGActionListner.c">
      <Filter>extern</Filter>
    </ClCompile>
    <ClCompile Include="extern\TSSGAttributeElement.c">
      <Filter>extern</Filter>
    </ClCompile>
    <ClCompile Include="extern\TSSGAttributeSelector.c">
      <Filter>extern</Filter>
    </ClCompile>
    <ClCompile Include="extern\TSSGCtrl.c">
      <Filter>extern</Filter>
    </ClCompile>
    <ClCompile Include="extern\TSSGScriptStruct.c">
      <Filter>extern</Filter>
    </ClCompile>
    <ClCompile Include="extern\TSSGSubject.c">
      <Filter>extern</Filter>
    </ClCompile>
    <ClCompile Include="extern\TSSString.c">
      <Filter>extern</Filter>
    </ClCompile>
    <ClCompile Include="extern\TSSToggle.c">
      <Filter>extern</Filter>
    </ClCompile>
    <ClCompile Include="extern\TStringDivision.c">
      <Filter>extern</Filter>
    </ClCompile>
    <ClCompile Include="extern\TTitleSelectForm.c">
      <Filter>extern</Filter>
    </ClCompile>
    <ClCompile Include="extern\TWinControl.c">
      <Filter>extern</Filter>
    </ClCompile>
    <ClCompile Include="FixAdjustByString\FixAdjustByString.c">
      <Filter>FixAdjustByString</Filter>
    </ClCompile>
    <ClCompile Include="FixAdjustByValue\Attach_FixAdjustByValue.c">
      <Filter>FixAdjustByValue</Filter>
    </ClCompile>
    <ClCompile Include="FixAdjustByValue\FixAdjustByValue.c">
      <Filter>FixAdjustByValue</Filter>
    </ClCompile>
    <ClCompile Include="FixByteArrayFind\Attach_FixByteArrayFind.c">
      <Filter>FixByteArrayFind</Filter>
    </ClCompile>
    <ClCompile Include="FixByteArrayFind\TSSGCtrl_ByteArrayFind.c">
      <Filter>FixByteArrayFind</Filter>
    </ClCompile>
    <ClCompile Include="FixClearChild\Attach_FixClearChild.c">
      <Filter>FixClearChild</Filter>
    </ClCompile>
    <ClCompile Include="FixClearChild\TSSDir_ClearChild.c">
      <Filter>FixClearChild</Filter>
    </ClCompile>
    <ClCompile Include="FixDoubleList\Attach_FixDoubleList.c">
      <Filter>FixDoubleList</Filter>
    </ClCompile>
    <ClCompile Include="FixDoubleList\TSSDoubleList_SwitchStatus.c">
      <Filter>FixDoubleList</Filter>
    </ClCompile>
    <ClCompile Include="FixDoubleList\TSSDoubleToggle_SwitchStatus.c">
      <Filter>FixDoubleList</Filter>
    </ClCompile>
    <ClCompile Include="FixDoubleList\TSSGCtrl_GetSSGDataFile_ClearAtBreak.c">
      <Filter>NocachedMemoryList</Filter>
    </ClCompile>
    <ClCompile Include="FixDoubleList\TSSGCtrl_SetSSGDataFile_IgnoreEmptyData.c">
      <Filter>NocachedMemoryList</Filter>
    </ClCompile>
    <ClCompile Include="FixEraseElement\TSSGAttributeSelector_EraseElement.c">
      <Filter>FixEraseElement</Filter>
    </ClCompile>
    <ClCompile Include="FixFindName\Attach_FixFindName.c">
      <Filter>FixFindName</Filter>
    </ClCompile>
    <ClCompile Include="FixFindName\TFindNameForm_FindStartBtnClick_FixGetSelectSubject.c">
      <Filter>FixFindName</Filter>
    </ClCompile>
    <ClCompile Include="FixGetDistractionString\Attach_FixGetDistractionString.c">
      <Filter>FixGetDistractionString</Filter>
    </ClCompile>
    <ClCompile Include="FixGetDistractionString\TSSGScriptStruct_EscapeDistraction.c">
      <Filter>FixGetDistractionString</Filter>
    </ClCompile>
    <ClCompile Include="FixGetModuleFromName\Attach_FixGetModuleFromName.c">
      <Filter>FixGetModuleFromName</Filter>
    </ClCompile>
    <ClCompile Include="FixGetModuleFromName\FixGetModuleFromName.c">
      <Filter>FixGetModuleFromName</Filter>
    </ClCompile>
    <ClCompile Include="FixGetSSGDataFile\Attach_FixGetSSGDataFile.c">
      <Filter>FixGetSSGDataFile</Filter>
    </ClCompile>
    <ClCompile Include="FixGetSSGDataFile\FixGetSSGDataFile.c">
      <Filter>FixGetSSGDataFile</Filter>
    </ClCompile>
    <ClCompile Include="FixListFEP\Attach_FixListFEP.c">
      <Filter>FixListFEP</Filter>
    </ClCompile>
    <ClCompile Include="FixListFEP\TSSGCtrl_OneRead_with_CheckIO_FEP.c">
      <Filter>FixListFEP</Filter>
    </ClCompile>
    <ClCompile Include="FixListFEP\TSSGCtrl_OneWrite_with_CheckIO_FEP.c">
      <Filter>FixListFEP</Filter>
    </ClCompile>
    <ClCompile Include="FixListFEP\TSSGSubject_CheckFEPParam.c">
      <Filter>FixListFEP</Filter>
    </ClCompile>
    <ClCompile Include="FixLoadFromFile\Attach_LoadFromFile.c">
      <Filter>FixLoadFromFile</Filter>
    </ClCompile>
    <ClCompile Include="FixLoadFromFile\CheckSSGVersion.c">
      <Filter>FixLoadFromFile</Filter>
    </ClCompile>
    <ClCompile Include="FixLoadFromFile\TSSGCtrl_GetSSGScriptVec_AdjustLogFooter.c">
      <Filter>FixLoadFromFile</Filter>
    </ClCompile>
    <ClCompile Include="FixLoadFromFile\TStringFiler_LoadFromFile.c">
      <Filter>FixLoadFromFile</Filter>
    </ClCompile>
    <ClCompile Include="FixLoadFromFile\TTitleSelectForm_FindSSG_AdjustLogFooter.c">
      <Filter>FixLoadFromFile</Filter>
    </ClCompile>
    <ClCompile Include="FixLoopByteArray\Attach_FixLoopByteArray.c">
      <Filter>FixLoopByteArray</Filter>
    </ClCompile>
    <ClCompile Include="FixLoopByteArray\Caller_FixLoopByteArray.c">
      <Filter>FixLoopByteArray</Filter>
    </ClCompile>
    <ClCompile Include="FixLoopByteArray\Caller_ParsingWithRel.c">
      <Filter>FixLoopByteArray</Filter>
    </ClCompile>
    <ClCompile Include="FixLoopByteArray\Caller_StrToProcessAccessElementVecWithoutRel.c">
      <Filter>FixLoopByteArray</Filter>
    </ClCompile>
    <ClCompile Include="FixLoopByteArray\FixLoopByteArray.c">
      <Filter>FixLoopByteArray</Filter>
    </ClCompile>
    <ClCompile Include="FixMainForm\Attach_FixMainForm.c">
      <Filter>FixMainForm</Filter>
    </ClCompile>
    <ClCompile Include="FixMainForm\DGrid\TMainForm_CheckTreeSize.c">
      <Filter>FixMainForm\DGrid</Filter>
    </ClCompile>
    <ClCompile Include="FixMainForm\DGrid\TMainForm_DGridMouseMove_DrawTree.c">
      <Filter>FixMainForm\DGrid</Filter>
    </ClCompile>
    <ClCompile Include="FixMainForm\DGrid\TMainForm_DGridProc.c">
      <Filter>FixMainForm\DGrid</Filter>
    </ClCompile>
    <ClCompile Include="FixMainForm\DGrid\TMainForm_DGridSelectCell.c">
      <Filter>FixMainForm\DGrid</Filter>
    </ClCompile>
    <ClCompile Include="FixMainForm\DGrid\TMainForm_DrawTree.c">
      <Filter>FixMainForm\DGrid</Filter>
    </ClCompile>
    <ClCompile Include="FixMainForm\DGrid\TMainForm_DrawTreeCell_DrawFocusRect.c">
      <Filter>FixMainForm\DGrid</Filter>
    </ClCompile>
    <ClCompile Include="FixMainForm\DGrid\TMainForm_DrawTreeCell_DrawHover.c">
      <Filter>FixMainForm\DGrid</Filter>
    </ClCompile>
    <ClCompile Include="FixMainForm\DGrid\TMainForm_DrawTreeCell_FixDefaultColWidth.c">
      <Filter>FixMainForm\DGrid</Filter>
    </ClCompile>
    <ClCompile Include="FixMainForm\DGrid\TMainForm_DrawTreeCell_FixLabelDrawX.c">
      <Filter>FixMainForm\DGrid</Filter>
    </ClCompile>
    <ClCompile Include="FixMainForm\DGrid\TMainForm_FormMouseWheel.c">
      <Filter>FixMainForm\DGrid</Filter>
    </ClCompile>
    <ClCompile Include="FixMainForm\DGrid\TMainForm_FormResize_CheckTreeSize.c">
      <Filter>FixMainForm\DGrid</Filter>
    </ClCompile>
    <ClCompile Include="FixMainForm\DGrid\TMainForm_HotKeyEditKeyDown.c">
      <Filter>FixMainForm\DGrid</Filter>
    </ClCompile>
    <ClCompile Include="FixMainForm\DGrid\TMainForm_M_CustomizeClick_ChainPrevRedrawCalcImage.c">
      <Filter>FixMainForm\DGrid</Filter>
    </ClCompile>
    <ClCompile Include="FixMainForm\DGrid\TMainForm_M_CustomizeClick_RedrawCalcImage.c">
      <Filter>FixMainForm\DGrid</Filter>
    </ClCompile>
    <ClCompile Include="FixMainForm\DGrid\TMainForm_M_TitleSelectClick_OpenSSG.c">
      <Filter>FixMainForm\DGrid</Filter>
    </ClCompile>
    <ClCompile Include="FixMainForm\DGrid\TMainForm_OnDGridLButtonDown.c">
      <Filter>FixMainForm\DGrid</Filter>
    </ClCompile>
    <ClCompile Include="FixMainForm\DGrid\TMainForm_OnDGridLButtonUp.c">
      <Filter>FixMainForm\DGrid</Filter>
    </ClCompile>
    <ClCompile Include="FixMainForm\DGrid\TSSGSubject_Write_WithDrawTree.c">
      <Filter>FixMainForm\DGrid</Filter>
    </ClCompile>
    <ClCompile Include="FixMainForm\MainForm\TMainForm_CalcButtonPushFunc.c">
      <Filter>FixMainForm\MainForm</Filter>
    </ClCompile>
    <ClCompile Include="FixMainForm\MainForm\TMainForm_ChangeSubjectPanel_FixToggleStringEnterVisible.c">
      <Filter>FixMainForm\MainForm</Filter>
    </ClCompile>
    <ClCompile Include="FixMainForm\MainForm\TMainForm_DrawTreeCell_ModifyNowValue.c">
      <Filter>FixMainForm\MainForm</Filter>
    </ClCompile>
    <ClCompile Include="FixMainForm\MainForm\TMainForm_DrawTreeCell_ModifySplit.c">
      <Filter>FixMainForm\MainForm</Filter>
    </ClCompile>
    <ClCompile Include="FixMainForm\MainForm\TMainForm_LoadSetting_ListLBox_Font_SetName.c">
      <Filter>FixMainForm\MainForm</Filter>
    </ClCompile>
    <ClCompile Include="FixMainForm\MainForm\TMainForm_NewVal_OnPaste.c">
      <Filter>FixMainForm\MainForm</Filter>
    </ClCompile>
    <ClCompile Include="FixMainForm\MainForm\TMainForm_OnShowWindow.c">
      <Filter>FixMainForm\MainForm</Filter>
    </ClCompile>
    <ClCompile Include="FixMainForm\MainForm\TMainForm_SetLockVisible_ModifyLockName.c">
      <Filter>FixMainForm\MainForm</Filter>
    </ClCompile>
    <ClCompile Include="FixMainForm\MainForm\TMainForm_SubjectAccess_FixDirSameChildren.c">
      <Filter>FixMainForm\MainForm</Filter>
    </ClCompile>
    <ClCompile Include="FixMainForm\Menu\AppendDebugWithoutMouseOverModeMenu.c">
      <Filter>FixMainForm\Menu</Filter>
    </ClCompile>
    <ClCompile Include="FixMainForm\Menu\AppendToolMenu.c">
      <Filter>FixMainForm\Menu</Filter>
    </ClCompile>
    <ClCompile Include="FixMainForm\Menu\InitializeMenuId.c">
      <Filter>FixMainForm\Menu</Filter>
    </ClCompile>
    <ClCompile Include="FixMainForm\Menu\ModifyVersionString.c">
      <Filter>FixMainForm\Menu</Filter>
    </ClCompile>
    <ClCompile Include="FixMainForm\Menu\TMainForm_LoadSetting_SetUserMode.c">
      <Filter>FixMainForm\Menu</Filter>
    </ClCompile>
    <ClCompile Include="FixMainForm\Menu\TMainForm_OnCommand.c">
      <Filter>FixMainForm\Menu</Filter>
    </ClCompile>
    <ClCompile Include="FixMainForm\Menu\UpdateUserModeMenu.c">
      <Filter>FixMainForm\Menu</Filter>
    </ClCompile>
    <ClCompile Include="FixMainForm\TFindNameForm_ctor.c">
      <Filter>FixMainForm</Filter>
    </ClCompile>
    <ClCompile Include="FixMainForm\TGuideForm_ctor.c">
      <Filter>FixMainForm</Filter>
    </ClCompile>
    <ClCompile Include="FixMainForm\TMainForm_ctor.c">
      <Filter>FixMainForm</Filter>
    </ClCompile>
    <ClCompile Include="FixMainForm\TMainForm_dtor.c">
      <Filter>FixMainForm</Filter>
    </ClCompile>
    <ClCompile Include="FixMainForm\TMainForm_WindowProc.c">
      <Filter>FixMainForm</Filter>
    </ClCompile>
    <ClCompile Include="FixMainForm\TSearchForm_ctor.c">
      <Filter>FixMainForm</Filter>
    </ClCompile>
    <ClCompile Include="FixMaskBytes\FixMaskBytes.c">
      <Filter>FixMaskBytes</Filter>
    </ClCompile>
    <ClCompile Include="FixOnParsingProcess\TSSGActionListner_OnParsingDoubleProcess.c">
      <Filter>FixOnParsingProcess</Filter>
    </ClCompile>
    <ClCompile Include="FixOnParsingProcess\TSSGActionListner_OnParsingProcess.c">
      <Filter>FixOnParsingProcess</Filter>
    </ClCompile>
    <ClCompile Include="FixRemoveSpace\Attach_FixRemoveSpace.c">
      <Filter>FixRemoveSpace</Filter>
    </ClCompile>
    <ClCompile Include="FixRemoveSpace\TSSGCtrl_ByteArrayRemoveSpace.c">
      <Filter>FixRemoveSpace</Filter>
    </ClCompile>
    <ClCompile Include="FixRemoveSpace\TSSGCtrl_TrimString.c">
      <Filter>FixRemoveSpace</Filter>
    </ClCompile>
    <ClCompile Include="FixRemoveSpace\TSSGCtrl_TrimStringByRef.c">
      <Filter>FixRemoveSpace</Filter>
    </ClCompile>
    <ClCompile Include="FixRepeat\Attach_FixRepeat.c">
      <Filter>FixRepeat</Filter>
    </ClCompile>
    <ClCompile Include="FixRepeat\TSSGCtrl_EnumReadSSR_SwitchTmpS_0.c">
      <Filter>FixRepeat</Filter>
    </ClCompile>
    <ClCompile Include="FixRepeat\TSSGCtrl_LoopSSRFile_FixWordRepeat.c">
      <Filter>FixRepeat</Filter>
    </ClCompile>
    <ClCompile Include="FixRepeat\TSSGCtrl_LoopSSRFile_Format.c">
      <Filter>FixRepeat</Filter>
    </ClCompile>
    <ClCompile Include="FixRepeat\TSSGCtrl_ReadSSRFile_CheckSignedParam.c">
      <Filter>FixRepeat</Filter>
    </ClCompile>
    <ClCompile Include="FixRepeat\TSSGCtrl_ReadSSRFile_CompareLoopCounter.c">
      <Filter>FixRepeat</Filter>
    </ClCompile>
    <ClCompile Include="FixRepeat\TSSGCtrl_ReadSSRFile_DestReserve.c">
      <Filter>FixRepeat</Filter>
    </ClCompile>
    <ClCompile Include="FixSingleInstance\Attach_FixSingleInstance.c">
      <Filter>FixSingleInstance</Filter>
    </ClCompile>
    <ClCompile Include="FixSingleInstance\IsSingleInstance.c">
      <Filter>FixSingleInstance</Filter>
    </ClCompile>
    <ClCompile Include="FixSortTitle\Attach_FixSortTitle.c">
      <Filter>FixSortTitle</Filter>
    </ClCompile>
    <ClCompile Include="FixSortTitle\LCMapStringJISX0213.c">
      <Filter>FixSortTitle</Filter>
    </ClCompile>
    <ClCompile Include="FixSplitElement\Attach_FixSplitElement.c">
      <Filter>FixSplitElement</Filter>
    </ClCompile>
    <ClCompile Include="FixSplitElement\SplitElement.c">
      <Filter>FixSplitElement</Filter>
    </ClCompile>
    <ClCompile Include="FixToggleByteArray\Attach_FixToggleByteArray.c">
      <Filter>FixToggleByteArray</Filter>
    </ClCompile>
    <ClCompile Include="FixToggleByteArray\FixToggleByteArray.c">
      <Filter>FixToggleByteArray</Filter>
    </ClCompile>
    <ClCompile Include="FixTraceAndCopy\Attach_FixTraceAndCopy.c">
      <Filter>FixTraceAndCopy</Filter>
    </ClCompile>
    <ClCompile Include="FixTraceAndCopy\FixTraceAndCopySetting.c">
      <Filter>FixTraceAndCopy</Filter>
    </ClCompile>
    <ClCompile Include="FixTraceAndCopy\FixTraceAndCopyWrite.c">
      <Filter>FixTraceAndCopy</Filter>
    </ClCompile>
    <ClCompile Include="ForceFunnel\Attach_ForceFunnel.c">
      <Filter>ForceFunnel</Filter>
    </ClCompile>
    <ClCompile Include="ForceFunnel\TSSBitList_Write_CheckFunnel.c">
      <Filter>ForceFunnel</Filter>
    </ClCompile>
    <ClCompile Include="ForceFunnel\TSSBundleFloatCalc_Write_CheckFunnel.c">
      <Filter>ForceFunnel</Filter>
    </ClCompile>
    <ClCompile Include="ForceFunnel\TSSDoubleList_Write_CheckFunnel.c">
      <Filter>ForceFunnel</Filter>
    </ClCompile>
    <ClCompile Include="ForceFunnel\TSSDoubleList_WriteOne_CheckFunnel.c">
      <Filter>ForceFunnel</Filter>
    </ClCompile>
    <ClCompile Include="ForceFunnel\TSSDoubleToggle_Write_CheckFunnel.c">
      <Filter>ForceFunnel</Filter>
    </ClCompile>
    <ClCompile Include="ForceFunnel\TSSFloatCalc_Write_CheckFunnel.c">
      <Filter>ForceFunnel</Filter>
    </ClCompile>
    <ClCompile Include="ForceFunnel\TSSString_Write_CheckFunnel.c">
      <Filter>ForceFunnel</Filter>
    </ClCompile>
    <ClCompile Include="FormatNameString\Attach_FormatNameString.c">
      <Filter>FormatNameString</Filter>
    </ClCompile>
    <ClCompile Include="FormatNameString\FormatNameString.c">
      <Filter>FormatNameString</Filter>
    </ClCompile>
    <ClCompile Include="intrinsic.c">
      <Filter>ソース ファイル</Filter>
    </ClCompile>
    <ClCompile Include="IsBadPtr\IsBadCodePtr.c">
      <Filter>IsBadPtr</Filter>
    </ClCompile>
    <ClCompile Include="IsBadPtr\IsBadReadPtr.c">
      <Filter>IsBadPtr</Filter>
    </ClCompile>
    <ClCompile Include="IsBadPtr\IsBadStringPtrA.c">
      <Filter>IsBadPtr</Filter>
    </ClCompile>
    <ClCompile Include="IsBadPtr\IsBadStringPtrW.c">
      <Filter>IsBadPtr</Filter>
    </ClCompile>
    <ClCompile Include="IsBadPtr\IsBadWritePtr.c">
      <Filter>IsBadPtr</Filter>
    </ClCompile>
    <ClCompile Include="Kernel32\GetProcessIdCompatible.c">
      <Filter>Kernel32</Filter>
    </ClCompile>
    <ClCompile Include="MinMaxParam\Attach_MinMaxParam.c">
      <Filter>MinMaxParam</Filter>
    </ClCompile>
    <ClCompile Include="MinMaxParam\TSSCalc_Setting_CheckSignedSize.c">
      <Filter>MinMaxParam</Filter>
    </ClCompile>
    <ClCompile Include="MinMaxParam\TSSCalc_Setting_MinMax.c">
      <Filter>MinMaxParam</Filter>
    </ClCompile>
    <ClCompile Include="MinMaxParam\TSSFloatCalc_Setting_MinMax.c">
      <Filter>MinMaxParam</Filter>
    </ClCompile>
    <ClCompile Include="MsImg32\AlphaBlendCompatible.c">
      <Filter>MsImg32</Filter>
    </ClCompile>
    <ClCompile Include="NocachedMemoryList\Attach_NocachedMemoryList.c">
      <Filter>NocachedMemoryList</Filter>
    </ClCompile>
    <ClCompile Include="NocachedMemoryList\TSSGCtrl_GetSSGDataFile_CheckNocacheParam.c">
      <Filter>NocachedMemoryList</Filter>
    </ClCompile>
    <ClCompile Include="NocachedMemoryList\TSSGCtrl_GetSSGDataFile_FixSetSSGDataFile.c">
      <Filter>NocachedMemoryList</Filter>
    </ClCompile>
    <ClCompile Include="NocachedMemoryList\TSSGCtrl_GetSSGDataFile_Parsing.c">
      <Filter>NocachedMemoryList</Filter>
    </ClCompile>
    <ClCompile Include="NocachedMemoryList\TSSGCtrl_GetSSGDataFile_TrimString.c">
      <Filter>NocachedMemoryList</Filter>
    </ClCompile>
    <ClCompile Include="NocachedMemoryList\TSSGCtrl_GetSSGDataFile_UnicodeString.c">
      <Filter>NocachedMemoryList</Filter>
    </ClCompile>
    <ClCompile Include="OnSSGCtrlCleared\Attach_OnSSGCtrlCleared.c">
      <Filter>OnSSGCtrlCleared</Filter>
    </ClCompile>
    <ClCompile Include="OnSSGCtrlCleared\OnSSGCtrlCleared.c">
      <Filter>OnSSGCtrlCleared</Filter>
    </ClCompile>
    <ClCompile Include="OptimizeAllocator\OptimizeAllocator.c">
      <Filter>OptimizeAllocator</Filter>
    </ClCompile>
    <ClCompile Include="OptimizeCRT\_lstrcpyA.c">
      <Filter>OptimizeCRT</Filter>
    </ClCompile>
    <ClCompile Include="OptimizeCRT\_lstrcpynA.c">
      <Filter>OptimizeCRT</Filter>
    </ClCompile>
    <ClCompile Include="OptimizeCRT\_lstrlenA.c">
      <Filter>OptimizeCRT</Filter>
    </ClCompile>
    <ClCompile Include="OptimizeCRT\bcb6_malloc.c">
      <Filter>OptimizeCRT</Filter>
    </ClCompile>
    <ClCompile Include="OptimizeCRT\bcb6_snprintf.c">
      <Filter>OptimizeCRT</Filter>
    </ClCompile>
    <ClCompile Include="OptimizeCRT\bcb6_strtod.c">
      <Filter>OptimizeCRT</Filter>
    </ClCompile>
    <ClCompile Include="OptimizeCRT\bcb6_strtol.c">
      <Filter>OptimizeCRT</Filter>
    </ClCompile>
    <ClCompile Include="OptimizeCRT\bcb6_strtoul.c">
      <Filter>OptimizeCRT</Filter>
    </ClCompile>
    <ClCompile Include="OptimizeCRT\OptimizeCRT.c">
      <Filter>OptimizeCRT</Filter>
    </ClCompile>
    <ClCompile Include="OptimizeGuide\OptimizeGuide.c">
      <Filter>OptimizeGuide</Filter>
    </ClCompile>
    <ClCompile Include="OptimizeGuide\TGuideForm_Guide.c">
      <Filter>OptimizeGuide</Filter>
    </ClCompile>
    <ClCompile Include="OptimizeStringDivision\OptimizeStringDivision.c">
      <Filter>OptimizeStringDivision</Filter>
    </ClCompile>
    <ClCompile Include="OptimizeStringDivision\TSSGCtrl_StrToProcessAccessElementVec_AppendNoEscapedChar.c">
      <Filter>OptimizeStringDivision</Filter>
    </ClCompile>
    <ClCompile Include="OptimizeStringDivision\TStringDivision_Editing.c">
      <Filter>OptimizeStringDivision</Filter>
    </ClCompile>
    <ClCompile Include="OptimizeStringDivision\TStringDivision_Find.c">
      <Filter>OptimizeStringDivision</Filter>
    </ClCompile>
    <ClCompile Include="OptimizeStringDivision\TStringDivision_FindBack.c">
      <Filter>OptimizeStringDivision</Filter>
    </ClCompile>
    <ClCompile Include="OptimizeStringDivision\TStringDivision_FindByVector.c">
      <Filter>OptimizeStringDivision</Filter>
    </ClCompile>
    <ClCompile Include="OptimizeStringDivision\TStringDivision_Half.c">
      <Filter>OptimizeStringDivision</Filter>
    </ClCompile>
    <ClCompile Include="OptimizeStringDivision\TStringDivision_IsLeadByteAtLowerUpper.c">
      <Filter>OptimizeStringDivision</Filter>
    </ClCompile>
    <ClCompile Include="OptimizeStringDivision\TStringDivision_List.c">
      <Filter>OptimizeStringDivision</Filter>
    </ClCompile>
    <ClCompile Include="OptimizeStringDivision\TStringDivision_Remove.c">
      <Filter>OptimizeStringDivision</Filter>
    </ClCompile>
    <ClCompile Include="OptimizeStringDivision\TStringDivision_RemoveByMap.c">
      <Filter>OptimizeStringDivision</Filter>
    </ClCompile>
    <ClCompile Include="OptimizeStringDivision\TStringDivision_ToString.c">
      <Filter>OptimizeStringDivision</Filter>
    </ClCompile>
    <ClCompile Include="OptimizeStringDivision\TStringDivision_ToStringDouble.c">
      <Filter>OptimizeStringDivision</Filter>
    </ClCompile>
    <ClCompile Include="OptimizeStringDivision\TStringDivision_Trim.c">
      <Filter>OptimizeStringDivision</Filter>
    </ClCompile>
    <ClCompile Include="OptimizeStringDivision\TStringDivision_WCList.c">
      <Filter>OptimizeStringDivision</Filter>
    </ClCompile>
    <ClCompile Include="Parsing\Attach_Parsing.c">
      <Filter>Parsing</Filter>
    </ClCompile>
    <ClCompile Include="Parsing\Caller_Parsing.c">
      <Filter>Parsing</Filter>
    </ClCompile>
    <ClCompile Include="Parsing\Caller_ParsingDouble.c">
      <Filter>Parsing</Filter>
    </ClCompile>
    <ClCompile Include="Parsing\Caller_ParsingWithVal.c">
      <Filter>Parsing</Filter>
    </ClCompile>
    <ClCompile Include="Parsing\CompareProcessMemoryA.c">
      <Filter>Parsing</Filter>
    </ClCompile>
    <ClCompile Include="Parsing\CompareProcessMemoryW.c">
      <Filter>Parsing</Filter>
    </ClCompile>
    <ClCompile Include="Parsing\DebugPrint.c">
      <Filter>Parsing</Filter>
    </ClCompile>
    <ClCompile Include="Parsing\FillProcessMemory.c">
      <Filter>Parsing</Filter>
    </ClCompile>
    <ClCompile Include="Parsing\FindProcessMemoryA.c">
      <Filter>Parsing</Filter>
    </ClCompile>
    <ClCompile Include="Parsing\FindProcessMemoryW.c">
      <Filter>Parsing</Filter>
    </ClCompile>
    <ClCompile Include="Parsing\fnv1a.c">
      <Filter>Parsing</Filter>
    </ClCompile>
    <ClCompile Include="Parsing\GetExportFunction.c">
      <Filter>Parsing</Filter>
    </ClCompile>
    <ClCompile Include="Parsing\GetImportFunction.c">
      <Filter>Parsing</Filter>
    </ClCompile>
    <ClCompile Include="Parsing\GetSectionAddress.c">
      <Filter>Parsing</Filter>
    </ClCompile>
    <ClCompile Include="Parsing\GuidePrint.c">
      <Filter>Parsing</Filter>
    </ClCompile>
    <ClCompile Include="Parsing\MoveProcessMemory.c">
      <Filter>Parsing</Filter>
    </ClCompile>
    <ClCompile Include="Parsing\Parsing.c">
      <Filter>Parsing</Filter>
    </ClCompile>
    <ClCompile Include="Parsing\Parsing61.c">
      <Filter>Parsing</Filter>
    </ClCompile>
    <ClCompile Include="Parsing\ParsingDouble61.c">
      <Filter>Parsing</Filter>
    </ClCompile>
    <ClCompile Include="Parsing\ReplaceDefine.c">
      <Filter>Parsing</Filter>
    </ClCompile>
    <ClCompile Include="Parsing\TSSGCtrl_AddressNaming_ByteArrayReplaceDefine.c">
      <Filter>Parsing</Filter>
    </ClCompile>
    <ClCompile Include="Parsing\TSSGCtrl_AddressNaming_OpenProcess.c">
      <Filter>Parsing</Filter>
    </ClCompile>
    <ClCompile Include="Parsing\TSSGCtrl_AddressNaming_ReplaceDefineDynamic.c">
      <Filter>Parsing</Filter>
    </ClCompile>
    <ClCompile Include="Parsing\TSSGCtrl_EnumReadSSG_ReplaceDefine.c">
      <Filter>Parsing</Filter>
    </ClCompile>
    <ClCompile Include="Parsing\TSSGCtrl_Funneling_IsEnabled.c">
      <Filter>Parsing</Filter>
    </ClCompile>
    <ClCompile Include="Parsing\TSSGCtrl_Funneling_ReplaceDefineDynamic.c">
      <Filter>Parsing</Filter>
    </ClCompile>
    <ClCompile Include="Parsing\TSSGCtrl_Funneling_Write.c">
      <Filter>Parsing</Filter>
    </ClCompile>
    <ClCompile Include="Parsing\TSSGCtrl_GetAddress_SaveAddress.c">
      <Filter>Parsing</Filter>
    </ClCompile>
    <ClCompile Include="Parsing\TSSGCtrl_GetSSGDataFile_OpenProcess.c">
      <Filter>Parsing</Filter>
    </ClCompile>
    <ClCompile Include="Parsing\TSSGCtrl_IsEnabled_except1.c">
      <Filter>Parsing</Filter>
    </ClCompile>
    <ClCompile Include="Parsing\TSSGCtrl_IsRemoteProcess.c">
      <Filter>Parsing</Filter>
    </ClCompile>
    <ClCompile Include="Parsing\TSSGCtrl_LoopSSRFile_ReplaceDefine.c">
      <Filter>Parsing</Filter>
    </ClCompile>
    <ClCompile Include="Parsing\TSSGCtrl_OpenProcess.c">
      <Filter>Parsing</Filter>
    </ClCompile>
    <ClCompile Include="Parsing\TSSGCtrl_ReadSSRFile_ReplaceDefine.c">
      <Filter>Parsing</Filter>
    </ClCompile>
    <ClCompile Include="Parsing\TSSGCtrl_StrToProcessAccessElementVec_ByteArrayReplaceDefine.c">
      <Filter>Parsing</Filter>
    </ClCompile>
    <ClCompile Include="Parsing\Unescape.c">
      <Filter>Parsing</Filter>
    </ClCompile>
    <ClCompile Include="Parsing\Wait.c">
      <Filter>Parsing</Filter>
    </ClCompile>
    <ClCompile Include="Plugin\Plugin.c">
      <Filter>Plugin</Filter>
    </ClCompile>
    <ClCompile Include="ProcessMonitor\Attach_ProcessMonitor.c">
      <Filter>ProcessMonitor</Filter>
    </ClCompile>
    <ClCompile Include="ProcessMonitor\FindWindowContainsModule.c">
      <Filter>ProcessMonitor</Filter>
    </ClCompile>
    <ClCompile Include="ProcessMonitor\GetFileTitlePointerA.c">
      <Filter>ProcessMonitor</Filter>
    </ClCompile>
    <ClCompile Include="ProcessMonitor\GetFileTitlePointerW.c">
      <Filter>ProcessMonitor</Filter>
    </ClCompile>
    <ClCompile Include="ProcessMonitor\LoadHeapList.c">
      <Filter>ProcessMonitor</Filter>
    </ClCompile>
    <ClCompile Include="ProcessMonitor\LoadHeapList_Heap32List.c">
      <Filter>ProcessMonitor</Filter>
    </ClCompile>
    <ClCompile Include="ProcessMonitor\LoadHeapList_HeapWalk.c">
      <Filter>ProcessMonitor</Filter>
    </ClCompile>
    <ClCompile Include="ProcessMonitor\LoadHeapList_Undocumented.c">
      <Filter>ProcessMonitor</Filter>
    </ClCompile>
    <ClCompile Include="ProcessMonitor\ProcessContainsModule.c">
      <Filter>ProcessMonitor</Filter>
    </ClCompile>
    <ClCompile Include="ProcessMonitor\ProcessMonitor.c">
      <Filter>ProcessMonitor</Filter>
    </ClCompile>
    <ClCompile Include="ProcessMonitor\TProcessCtrl_Attach.c">
      <Filter>ProcessMonitor</Filter>
    </ClCompile>
    <ClCompile Include="ProcessMonitor\TProcessCtrl_FindProcess.c">
      <Filter>ProcessMonitor</Filter>
    </ClCompile>
    <ClCompile Include="ProcessMonitor\TSearchForm_AddressLBoxDblClick_SubjectAccess.c">
      <Filter>ProcessMonitor</Filter>
    </ClCompile>
    <ClCompile Include="ProcessMonitor\TSearchForm_AdjustValToString_GetStart.c">
      <Filter>ProcessMonitor</Filter>
    </ClCompile>
    <ClCompile Include="ProcessMonitor\TSearchForm_DrawCanvas.c">
      <Filter>ProcessMonitor</Filter>
    </ClCompile>
    <ClCompile Include="ProcessMonitor\TSearchReportListner_OnReport_InvokeDrawProgress.c">
      <Filter>ProcessMonitor</Filter>
    </ClCompile>
    <ClCompile Include="regex\crt\isctype.c">
      <Filter>regex\crt</Filter>
    </ClCompile>
    <ClCompile Include="regex\crt\iswctype.c">
      <Filter>regex\crt</Filter>
    </ClCompile>
    <ClCompile Include="regex\crt\wctype.c">
      <Filter>regex\crt</Filter>
    </ClCompile>
    <ClCompile Include="regex\posix\regcomp.c">
      <Filter>regex\posix</Filter>
    </ClCompile>
    <ClCompile Include="regex\posix\regex.c">
      <Filter>regex\posix</Filter>
    </ClCompile>
    <ClCompile Include="regex\posix\regex_internal.c">
      <Filter>regex\posix</Filter>
    </ClCompile>
    <ClCompile Include="regex\posix\regexec.c">
      <Filter>regex\posix</Filter>
    </ClCompile>
    <ClCompile Include="regex\regex_msvc.c">
      <Filter>regex</Filter>
    </ClCompile>
    <ClCompile Include="RepeatIndex\Attach_RepeatIndex.c">
      <Filter>RepeatIndex</Filter>
    </ClCompile>
    <ClCompile Include="RepeatIndex\TSSGCtrl_EnumReadSSG_repeat_ReadSSRFile.c">
      <Filter>RepeatIndex</Filter>
    </ClCompile>
    <ClCompile Include="RepeatIndex\TSSGCtrl_EnumReadSSG_replace_EnumReadSSG.c">
      <Filter>RepeatIndex</Filter>
    </ClCompile>
    <ClCompile Include="RepeatIndex\TSSGCtrl_EnumReadSSG_SetSubjectProperty.c">
      <Filter>RepeatIndex</Filter>
    </ClCompile>
    <ClCompile Include="RepeatIndex\TSSGCtrl_ReadADJFile_EnumReadSSG.c">
      <Filter>RepeatIndex</Filter>
    </ClCompile>
    <ClCompile Include="RepeatIndex\TSSGCtrl_ReadSSG_EnumReadSSG.c">
      <Filter>RepeatIndex</Filter>
    </ClCompile>
    <ClCompile Include="RepeatIndex\TSSGCtrl_ReadSSRFile_ReserveLoopIndex.c">
      <Filter>RepeatIndex</Filter>
    </ClCompile>
    <ClCompile Include="RepeatIndex\TSSGCtrl_ReadSSRFile_StoreLoopIndex.c">
      <Filter>RepeatIndex</Filter>
    </ClCompile>
    <ClCompile Include="ShowErrorMessage\Attach_ShowErrorMessage.c">
      <Filter>ShowErrorMessage</Filter>
    </ClCompile>
    <ClCompile Include="ShowErrorMessage\ErrorMessage.c">
      <Filter>ShowErrorMessage</Filter>
    </ClCompile>
    <ClCompile Include="SideBySideComCtl32\SideBySideComCtl32.c">
      <Filter>SideBySideComCtl32</Filter>
    </ClCompile>
    <ClCompile Include="SnapWindow\SnapWindow.c">
      <Filter>SnapWindow</Filter>
    </ClCompile>
    <ClCompile Include="StringSubject\Attach_StringSubject.c">
      <Filter>StringSubject</Filter>
    </ClCompile>
    <ClCompile Include="StringSubject\TSSString_Read_terminate_Data.c">
      <Filter>StringSubject</Filter>
    </ClCompile>
    <ClCompile Include="StringSubject\TSSString_Read_TranscodeString.c">
      <Filter>StringSubject</Filter>
    </ClCompile>
    <ClCompile Include="StringSubject\TSSString_Setting_CheckCodePage.c">
      <Filter>StringSubject</Filter>
    </ClCompile>
    <ClCompile Include="StringSubject\TSSString_string_reserve_MapToCodePage.c">
      <Filter>StringSubject</Filter>
    </ClCompile>
    <ClCompile Include="SubjectProperty\Attach_SubjectProperty.c">
      <Filter>SubjectProperty</Filter>
    </ClCompile>
    <ClCompile Include="SubjectProperty\SSGSubjectProperty.c">
      <Filter>SubjectProperty</Filter>
    </ClCompile>
    <ClCompile Include="SubjectProperty\TSSGSubject_ctor.c">
      <Filter>SubjectProperty</Filter>
    </ClCompile>
    <ClCompile Include="SubjectStringTable\Attach_SubjectStringTable.c">
      <Filter>SubjectStringTable</Filter>
    </ClCompile>
    <ClCompile Include="SubjectStringTable\SubjectStringOperator.c">
      <Filter>SubjectStringTable</Filter>
    </ClCompile>
    <ClCompile Include="SubjectStringTable\SubjectStringTable.c">
      <Filter>SubjectStringTable</Filter>
    </ClCompile>
    <ClCompile Include="SubjectStringTable\TSSGCtrl_Open.c">
      <Filter>SubjectStringTable</Filter>
    </ClCompile>
    <ClCompile Include="SubjectStringTable\TSSGCtrl_ReadSSG_ctor.c">
      <Filter>SubjectStringTable</Filter>
    </ClCompile>
    <ClCompile Include="SubjectStringTable\TSSubject_string_ctor.c">
      <Filter>SubjectStringTable</Filter>
    </ClCompile>
    <ClCompile Include="ToolTip\ToolTip.c">
      <Filter>ToolTip</Filter>
    </ClCompile>
    <ClCompile Include="TranscodeMultiByte\TranscodeMultiByte.c">
      <Filter>TranscodeMultiByte</Filter>
    </ClCompile>
    <ClCompile Include="Verbose\verbose.c">
      <Filter>Verbose</Filter>
    </ClCompile>
    <ClCompile Include="WaitCursor\WaitCursor.c">
      <Filter>WaitCursor</Filter>
    </ClCompile>
    <ClCompile Include="winmm.c">
      <Filter>ソース ファイル</Filter>
    </ClCompile>
  </ItemGroup>
  <ItemGroup>
    <None Include="crt\include\mm.inc">
      <Filter>crt\include</Filter>
    </None>
    <None Include="crt\include\vcruntime.inc">
      <Filter>crt\include</Filter>
    </None>
    <None Include="include\ApplicationMessage.inc">
      <Filter>include</Filter>
    </None>
    <None Include="regex\crt\x86\vcruntime.inc">
      <Filter>regex\crt\x86</Filter>
    </None>
    <None Include="winmm.def">
      <Filter>ソース ファイル</Filter>
    </None>
  </ItemGroup>
  <ItemGroup>
    <MASM Include="crt\alias.asm">
      <Filter>crt</Filter>
    </MASM>
    <MASM Include="crt\asmlib\memcmp.asm">
      <Filter>crt\asmlib</Filter>
    </MASM>
    <MASM Include="crt\asmlib\memcpy.asm">
      <Filter>crt\asmlib</Filter>
    </MASM>
    <MASM Include="crt\asmlib\memmove.asm">
      <Filter>crt\asmlib</Filter>
    </MASM>
    <MASM Include="crt\asmlib\memset.asm">
      <Filter>crt\asmlib</Filter>
    </MASM>
    <MASM Include="crt\chkstk.asm">
      <Filter>crt</Filter>
    </MASM>
    <MASM Include="crt\itoa.asm">
      <Filter>crt</Filter>
    </MASM>
    <MASM Include="crt\itow.asm">
      <Filter>crt</Filter>
    </MASM>
    <MASM Include="crt\lldiv.asm">
      <Filter>crt</Filter>
    </MASM>
    <MASM Include="crt\llmul.asm">
      <Filter>crt</Filter>
    </MASM>
    <MASM Include="crt\llrem.asm">
      <Filter>crt</Filter>
    </MASM>
    <MASM Include="crt\llshl.asm">
      <Filter>crt</Filter>
    </MASM>
    <MASM Include="crt\llshr.asm">
      <Filter>crt</Filter>
    </MASM>
    <MASM Include="crt\math\ftol.asm">
      <Filter>crt\math</Filter>
    </MASM>
    <MASM Include="crt\msvc\memcmp.asm">
      <Filter>crt\msvc</Filter>
    </MASM>
    <MASM Include="crt\msvc\memcpy.asm">
      <Filter>crt\msvc</Filter>
    </MASM>
    <MASM Include="crt\msvc\memset.asm">
      <Filter>crt\msvc</Filter>
    </MASM>
    <MASM Include="crt\asmlib\wmemcmp.asm">
      <Filter>crt\asmlib</Filter>
    </MASM>
    <MASM Include="crt\asmlib\wmemset.asm">
      <Filter>crt\asmlib</Filter>
    </MASM>
    <MASM Include="crt\ulldiv.asm">
      <Filter>crt</Filter>
    </MASM>
    <MASM Include="crt\ulldvrm.asm">
      <Filter>crt</Filter>
    </MASM>
    <MASM Include="crt\ullrem.asm">
      <Filter>crt</Filter>
    </MASM>
    <MASM Include="crt\ullshr.asm">
      <Filter>crt</Filter>
    </MASM>
    <MASM Include="Kernel32\GetProcessId.asm">
      <Filter>Kernel32</Filter>
    </MASM>
    <MASM Include="MsImg32\AlphaBlend.asm">
      <Filter>MsImg32</Filter>
    </MASM>
    <MASM Include="regex\crt\x86\alloca16.asm">
      <Filter>regex\crt\x86</Filter>
    </MASM>
    <MASM Include="regex\crt\x86\chkstk.asm">
      <Filter>regex\crt\x86</Filter>
    </MASM>
    <MASM Include="TlHelp32Fix\tlhelp32fix.x86.asm">
      <Filter>TlHelp32Fix</Filter>
    </MASM>
  </ItemGroup>
  <ItemGroup>
    <ClInclude Include="crc32\crc32.h">
      <Filter>crc32</Filter>
    </ClInclude>
    <ClInclude Include="crt\atoitbl.h">
      <Filter>crt</Filter>
    </ClInclude>
    <ClInclude Include="crt\digitstbl.h">
      <Filter>crt</Filter>
    </ClInclude>
    <ClInclude Include="crt\digitstblt.h">
      <Filter>crt</Filter>
    </ClInclude>
    <ClInclude Include="crt\fbit.h">
      <Filter>crt</Filter>
    </ClInclude>
    <ClInclude Include="crt\i64tot.h">
      <Filter>crt</Filter>
    </ClInclude>
    <ClInclude Include="crt\longdouble\longdouble.h">
      <Filter>crt\longdouble</Filter>
    </ClInclude>
    <ClInclude Include="crt\ltot.h">
      <Filter>crt</Filter>
    </ClInclude>
    <ClInclude Include="crt\math\fpconst.h">
      <Filter>crt\math</Filter>
    </ClInclude>
    <ClInclude Include="crt\sntprintf.h">
      <Filter>crt</Filter>
    </ClInclude>
    <ClInclude Include="crt\tcsistr.h">
      <Filter>crt</Filter>
    </ClInclude>
    <ClInclude Include="crt\tcslcat.h">
      <Filter>crt</Filter>
    </ClInclude>
    <ClInclude Include="crt\tcslcpy.h">
      <Filter>crt</Filter>
    </ClInclude>
    <ClInclude Include="crt\tcsncat.h">
      <Filter>crt</Filter>
    </ClInclude>
    <ClInclude Include="crt\tcsncpy.h">
      <Filter>crt</Filter>
    </ClInclude>
    <ClInclude Include="crt\tcsrev.h">
      <Filter>crt</Filter>
    </ClInclude>
    <ClInclude Include="crt\tcsstr.h">
      <Filter>crt</Filter>
    </ClInclude>
    <ClInclude Include="crt\tcstod.h">
      <Filter>crt</Filter>
    </ClInclude>
    <ClInclude Include="crt\tcstoi64.h">
      <Filter>crt</Filter>
    </ClInclude>
    <ClInclude Include="crt\tcstoi64crt.h">
      <Filter>crt</Filter>
    </ClInclude>
    <ClInclude Include="crt\tcstok.h">
      <Filter>crt</Filter>
    </ClInclude>
    <ClInclude Include="crt\ui32tot\ui32tot.h">
      <Filter>crt\ui32tot</Filter>
    </ClInclude>
    <ClInclude Include="crt\ui32tot\ui32tot_source.h">
      <Filter>crt\ui32tot</Filter>
    </ClInclude>
    <ClInclude Include="crt\ui64tot.h">
      <Filter>crt</Filter>
    </ClInclude>
    <ClInclude Include="crt\ui64tot\ui64ton.h">
      <Filter>crt\ui64tot</Filter>
    </ClInclude>
    <ClInclude Include="crt\ui64tot\ui64tot_source.h">
      <Filter>crt\ui64tot</Filter>
    </ClInclude>
    <ClInclude Include="crt\ultot.h">
      <Filter>crt</Filter>
    </ClInclude>
    <ClInclude Include="crt\vsntprintf.h">
      <Filter>crt</Filter>
    </ClInclude>
    <ClInclude Include="EnumReadSSG\Attribute_allcate.h">
      <Filter>EnumReadSSG</Filter>
    </ClInclude>
    <ClInclude Include="EnumReadSSG\Attribute_define.h">
      <Filter>EnumReadSSG</Filter>
    </ClInclude>
    <ClInclude Include="EnumReadSSG\Attribute_error_skip.h">
      <Filter>EnumReadSSG</Filter>
    </ClInclude>
    <ClInclude Include="EnumReadSSG\Attribute_expr.h">
      <Filter>EnumReadSSG</Filter>
    </ClInclude>
    <ClInclude Include="EnumReadSSG\Attribute_offset.h">
      <Filter>EnumReadSSG</Filter>
    </ClInclude>
    <ClInclude Include="EnumReadSSG\Attribute_scope.h">
      <Filter>EnumReadSSG</Filter>
    </ClInclude>
    <ClInclude Include="EnumReadSSG\Attribute_undef.h">
      <Filter>EnumReadSSG</Filter>
    </ClInclude>
    <ClInclude Include="EnumReadSSG\Attribute_variable.h">
      <Filter>EnumReadSSG</Filter>
    </ClInclude>
    <ClInclude Include="export.h">
      <Filter>ヘッダー ファイル</Filter>
    </ClInclude>
    <ClInclude Include="extern\bcb6_errno.h">
      <Filter>extern</Filter>
    </ClInclude>
    <ClInclude Include="extern\bcb6_fastcall_bridge.h">
      <Filter>extern</Filter>
    </ClInclude>
    <ClInclude Include="extern\bcb6_malloc.h">
      <Filter>extern</Filter>
    </ClInclude>
    <ClInclude Include="extern\bcb6_operator.h">
      <Filter>extern</Filter>
    </ClInclude>
    <ClInclude Include="extern\bcb6_std.h">
      <Filter>extern</Filter>
    </ClInclude>
    <ClInclude Include="extern\bcb6_std_allocator.h">
      <Filter>extern</Filter>
    </ClInclude>
    <ClInclude Include="extern\bcb6_std_deque.h">
      <Filter>extern</Filter>
    </ClInclude>
    <ClInclude Include="extern\bcb6_std_list.h">
      <Filter>extern</Filter>
    </ClInclude>
    <ClInclude Include="extern\bcb6_std_map.h">
      <Filter>extern</Filter>
    </ClInclude>
    <ClInclude Include="extern\bcb6_std_set.h">
      <Filter>extern</Filter>
    </ClInclude>
    <ClInclude Include="extern\bcb6_std_stack.h">
      <Filter>extern</Filter>
    </ClInclude>
    <ClInclude Include="extern\bcb6_std_string.h">
      <Filter>extern</Filter>
    </ClInclude>
    <ClInclude Include="extern\bcb6_std_vector.h">
      <Filter>extern</Filter>
    </ClInclude>
    <ClInclude Include="extern\bcb6_std_vector_string.h">
      <Filter>extern</Filter>
    </ClInclude>
    <ClInclude Include="extern\bcb6_std_vector_template.h">
      <Filter>extern</Filter>
    </ClInclude>
    <ClInclude Include="extern\TApplication.h">
      <Filter>extern</Filter>
    </ClInclude>
    <ClInclude Include="extern\TBitmap.h">
      <Filter>extern</Filter>
    </ClInclude>
    <ClInclude Include="extern\TBrush.h">
      <Filter>extern</Filter>
    </ClInclude>
    <ClInclude Include="extern\TCalcValBox.h">
      <Filter>extern</Filter>
    </ClInclude>
    <ClInclude Include="extern\TCanvas.h">
      <Filter>extern</Filter>
    </ClInclude>
    <ClInclude Include="extern\TCheckBox.h">
      <Filter>extern</Filter>
    </ClInclude>
    <ClInclude Include="extern\TComboBox.h">
      <Filter>extern</Filter>
    </ClInclude>
    <ClInclude Include="extern\TControl.h">
      <Filter>extern</Filter>
    </ClInclude>
    <ClInclude Include="extern\TDrawGrid.h">
      <Filter>extern</Filter>
    </ClInclude>
    <ClInclude Include="extern\TEdit.h">
      <Filter>extern</Filter>
    </ClInclude>
    <ClInclude Include="extern\TFindNameForm.h">
      <Filter>extern</Filter>
    </ClInclude>
    <ClInclude Include="extern\TGuideForm.h">
      <Filter>extern</Filter>
    </ClInclude>
    <ClInclude Include="extern\THeapListData.h">
      <Filter>extern</Filter>
    </ClInclude>
    <ClInclude Include="extern\TListBox.h">
      <Filter>extern</Filter>
    </ClInclude>
    <ClInclude Include="extern\TMainForm.h">
      <Filter>extern</Filter>
    </ClInclude>
    <ClInclude Include="extern\TMainMenu.h">
      <Filter>extern</Filter>
    </ClInclude>
    <ClInclude Include="extern\TMenuItem.h">
      <Filter>extern</Filter>
    </ClInclude>
    <ClInclude Include="extern\TProcessAccessElementBase.h">
      <Filter>extern</Filter>
    </ClInclude>
    <ClInclude Include="extern\TProcessAccessElementData.h">
      <Filter>extern</Filter>
    </ClInclude>
    <ClInclude Include="extern\TProcessCtrl.h">
      <Filter>extern</Filter>
    </ClInclude>
    <ClInclude Include="extern\TProcessSearchReportListnerBase.h">
      <Filter>extern</Filter>
    </ClInclude>
    <ClInclude Include="extern\TShiftState.h">
      <Filter>extern</Filter>
    </ClInclude>
    <ClInclude Include="extern\TSSArg.h">
      <Filter>extern</Filter>
    </ClInclude>
    <ClInclude Include="extern\TSSCalc.h">
      <Filter>extern</Filter>
    </ClInclude>
    <ClInclude Include="extern\TSSDir.h">
      <Filter>extern</Filter>
    </ClInclude>
    <ClInclude Include="extern\TSSDoubleList.h">
      <Filter>extern</Filter>
    </ClInclude>
    <ClInclude Include="extern\TSSDoubleToggle.h">
      <Filter>extern</Filter>
    </ClInclude>
    <ClInclude Include="extern\TSSFloatCalc.h">
      <Filter>extern</Filter>
    </ClInclude>
    <ClInclude Include="extern\TSSGActionListner.h">
      <Filter>extern</Filter>
    </ClInclude>
    <ClInclude Include="extern\TSSGAttributeElement.h">
      <Filter>extern</Filter>
    </ClInclude>
    <ClInclude Include="extern\TSSGAttributeSelector.h">
      <Filter>extern</Filter>
    </ClInclude>
    <ClInclude Include="extern\TSSGCtrl.h">
      <Filter>extern</Filter>
    </ClInclude>
    <ClInclude Include="extern\TSSGScriptStruct.h">
      <Filter>extern</Filter>
    </ClInclude>
    <ClInclude Include="extern\TSSGSubject.h">
      <Filter>extern</Filter>
    </ClInclude>
    <ClInclude Include="extern\TSSSplit.h">
      <Filter>extern</Filter>
    </ClInclude>
    <ClInclude Include="extern\TSSString.h">
      <Filter>extern</Filter>
    </ClInclude>
    <ClInclude Include="extern\TSSToggle.h">
      <Filter>extern</Filter>
    </ClInclude>
    <ClInclude Include="extern\TStringDivision.h">
      <Filter>extern</Filter>
    </ClInclude>
    <ClInclude Include="extern\TTitleSelectForm.h">
      <Filter>extern</Filter>
    </ClInclude>
    <ClInclude Include="extern\TWinControl.h">
      <Filter>extern</Filter>
    </ClInclude>
    <ClInclude Include="include\ApplicationMessage.h">
      <Filter>include</Filter>
    </ClInclude>
    <ClInclude Include="include\BuildDate.h">
      <Filter>include</Filter>
    </ClInclude>
    <ClInclude Include="include\noinline_wchar.h">
      <Filter>include</Filter>
    </ClInclude>
    <ClInclude Include="include\PageSize.h">
      <Filter>include</Filter>
    </ClInclude>
    <ClInclude Include="intrinsic.h">
      <Filter>ヘッダー ファイル</Filter>
    </ClInclude>
    <ClInclude Include="IsBadPtr\IsBadPtr.h">
      <Filter>IsBadPtr</Filter>
    </ClInclude>
    <ClInclude Include="IsBadPtr\IsBadPtrSource.h">
      <Filter>IsBadPtr</Filter>
    </ClInclude>
    <ClInclude Include="OptimizeAllocator\OptimizeAllocator.h">
      <Filter>OptimizeAllocator</Filter>
    </ClInclude>
    <ClInclude Include="Parsing\CompareProcessMemory.h">
      <Filter>Parsing</Filter>
    </ClInclude>
    <ClInclude Include="Parsing\CompareProcessMemoryT.h">
      <Filter>Parsing</Filter>
    </ClInclude>
    <ClInclude Include="Parsing\FillProcessMemory.h">
      <Filter>Parsing</Filter>
    </ClInclude>
    <ClInclude Include="Parsing\FindProcessMemory.h">
      <Filter>Parsing</Filter>
    </ClInclude>
    <ClInclude Include="Parsing\FindProcessMemoryT.h">
      <Filter>Parsing</Filter>
    </ClInclude>
    <ClInclude Include="Parsing\fnv1a.h">
      <Filter>Parsing</Filter>
    </ClInclude>
    <ClInclude Include="Parsing\HashBytes.h">
      <Filter>Parsing</Filter>
    </ClInclude>
    <ClInclude Include="Parsing\MoveProcessMemory.h">
      <Filter>Parsing</Filter>
    </ClInclude>
    <ClInclude Include="Parsing\Parsing61.h">
      <Filter>Parsing</Filter>
    </ClInclude>
    <ClInclude Include="Plugin\Plugin.h">
      <Filter>Plugin</Filter>
    </ClInclude>
    <ClInclude Include="ProcessMonitor\FindWindowContainsModule.h">
      <Filter>ProcessMonitor</Filter>
    </ClInclude>
    <ClInclude Include="ProcessMonitor\GetFileTitlePointer.h">
      <Filter>ProcessMonitor</Filter>
    </ClInclude>
    <ClInclude Include="ProcessMonitor\GetFileTitlePointerT.h">
      <Filter>ProcessMonitor</Filter>
    </ClInclude>
    <ClInclude Include="ProcessMonitor\ProcessContainsModule.h">
      <Filter>ProcessMonitor</Filter>
    </ClInclude>
    <ClInclude Include="ProcessMonitor\ProcessMonitor.h">
      <Filter>ProcessMonitor</Filter>
    </ClInclude>
    <ClInclude Include="regex\include\alloca.h">
      <Filter>regex\include</Filter>
    </ClInclude>
    <ClInclude Include="regex\include\langinfo.h">
      <Filter>regex\include</Filter>
    </ClInclude>
    <ClInclude Include="regex\include\sys\param.h">
      <Filter>regex\include\sys</Filter>
    </ClInclude>
    <ClInclude Include="regex\posix\regex.h">
      <Filter>regex\posix</Filter>
    </ClInclude>
    <ClInclude Include="regex\posix\regex_internal.h">
      <Filter>regex\posix</Filter>
    </ClInclude>
    <ClInclude Include="regex\regex.h">
      <Filter>regex</Filter>
    </ClInclude>
    <ClInclude Include="regex\regex_msvc.h">
      <Filter>regex</Filter>
    </ClInclude>
    <ClInclude Include="resource.h">
      <Filter>ヘッダー ファイル</Filter>
    </ClInclude>
    <ClInclude Include="ShowErrorMessage\ErrorMessage.h">
      <Filter>ShowErrorMessage</Filter>
    </ClInclude>
    <ClInclude Include="SnapWindow\Attach_SnapWindow.h">
      <Filter>SnapWindow</Filter>
    </ClInclude>
    <ClInclude Include="SnapWindow\SnapWindow.h">
      <Filter>SnapWindow</Filter>
    </ClInclude>
    <ClInclude Include="SubjectProperty\SSGSubjectProperty.h">
      <Filter>SubjectProperty</Filter>
    </ClInclude>
    <ClInclude Include="SubjectStringTable\SubjectStringOperator.h">
      <Filter>SubjectStringTable</Filter>
    </ClInclude>
    <ClInclude Include="SubjectStringTable\SubjectStringTable.h">
      <Filter>SubjectStringTable</Filter>
    </ClInclude>
    <ClInclude Include="TlHelp32Fix\tlhelp32fix.h">
      <Filter>TlHelp32Fix</Filter>
    </ClInclude>
    <ClInclude Include="ToolTip\commctrl.h">
      <Filter>ToolTip</Filter>
    </ClInclude>
    <ClInclude Include="ToolTip\ToolTip.h">
      <Filter>ToolTip</Filter>
    </ClInclude>
    <ClInclude Include="TranscodeMultiByte\TranscodeMultiByte.h">
      <Filter>TranscodeMultiByte</Filter>
    </ClInclude>
    <ClInclude Include="Verbose\verbose.h">
      <Filter>Verbose</Filter>
    </ClInclude>
    <ClInclude Include="WaitCursor\WaitCursor.h">
      <Filter>WaitCursor</Filter>
    </ClInclude>
  </ItemGroup>
  <ItemGroup>
    <ResourceCompile Include="winmm.rc">
      <Filter>リソース ファイル</Filter>
    </ResourceCompile>
  </ItemGroup>
</Project>